// !$*UTF8*$!
{
	archiveVersion = 1;
	classes = {
	};
	objectVersion = 56;
	objects = {

/* Begin PBXBuildFile section */
		3503539C2C32B0A100C8293D /* AppDelegate.swift in Sources */ = {isa = PBXBuildFile; fileRef = 3503539B2C32B0A100C8293D /* AppDelegate.swift */; };
		3503539E2C32B0A100C8293D /* SceneDelegate.swift in Sources */ = {isa = PBXBuildFile; fileRef = 3503539D2C32B0A100C8293D /* SceneDelegate.swift */; };
		350353A52C32B0A200C8293D /* Assets.xcassets in Resources */ = {isa = PBXBuildFile; fileRef = 350353A42C32B0A200C8293D /* Assets.xcassets */; };
		350353A82C32B0A200C8293D /* Base in Resources */ = {isa = PBXBuildFile; fileRef = 350353A72C32B0A200C8293D /* Base */; };
		350353B32C32B0A200C8293D /* TrackerTests.swift in Sources */ = {isa = PBXBuildFile; fileRef = 350353B22C32B0A200C8293D /* TrackerTests.swift */; };
		350353BD2C32B0A200C8293D /* TrackerUITests.swift in Sources */ = {isa = PBXBuildFile; fileRef = 350353BC2C32B0A200C8293D /* TrackerUITests.swift */; };
		350353BF2C32B0A200C8293D /* TrackerUITestsLaunchTests.swift in Sources */ = {isa = PBXBuildFile; fileRef = 350353BE2C32B0A200C8293D /* TrackerUITestsLaunchTests.swift */; };
		350353CC2C35127F00C8293D /* TrackersViewController.swift in Sources */ = {isa = PBXBuildFile; fileRef = 350353CB2C35127F00C8293D /* TrackersViewController.swift */; };
		350353CE2C35129400C8293D /* TabBarViewController.swift in Sources */ = {isa = PBXBuildFile; fileRef = 350353CD2C35129400C8293D /* TabBarViewController.swift */; };
		350353D02C3512AF00C8293D /* StatisticsViewController.swift in Sources */ = {isa = PBXBuildFile; fileRef = 350353CF2C3512AF00C8293D /* StatisticsViewController.swift */; };
		350353D42C3518AD00C8293D /* UIColor+extension.swift in Sources */ = {isa = PBXBuildFile; fileRef = 350353D32C3518AD00C8293D /* UIColor+extension.swift */; };
		355B55302C3FB2C90073A169 /* CreateTrackersViewController.swift in Sources */ = {isa = PBXBuildFile; fileRef = 355B552F2C3FB2C90073A169 /* CreateTrackersViewController.swift */; };
		355B55322C3FC25E0073A169 /* CreateUnregularEventViewController.swift in Sources */ = {isa = PBXBuildFile; fileRef = 355B55312C3FC25E0073A169 /* CreateUnregularEventViewController.swift */; };
		355B55362C3FC37C0073A169 /* CreateHabitViewController.swift in Sources */ = {isa = PBXBuildFile; fileRef = 355B55352C3FC37C0073A169 /* CreateHabitViewController.swift */; };
		355DC5222C3E9849000BC540 /* Tracker.swift in Sources */ = {isa = PBXBuildFile; fileRef = 355DC5212C3E9849000BC540 /* Tracker.swift */; };
		355DC5242C3E9924000BC540 /* TrackerCategory.swift in Sources */ = {isa = PBXBuildFile; fileRef = 355DC5232C3E9924000BC540 /* TrackerCategory.swift */; };
		355DC5262C3E996D000BC540 /* TrackerRecord.swift in Sources */ = {isa = PBXBuildFile; fileRef = 355DC5252C3E996D000BC540 /* TrackerRecord.swift */; };
		3577A6052C452A6D00A05395 /* CategoryViewController.swift in Sources */ = {isa = PBXBuildFile; fileRef = 3577A6042C452A6D00A05395 /* CategoryViewController.swift */; };
		3577A6072C453CB700A05395 /* CustomButton.swift in Sources */ = {isa = PBXBuildFile; fileRef = 3577A6062C453CB700A05395 /* CustomButton.swift */; };
		3577A6092C45537E00A05395 /* CreateCategoryViewController.swift in Sources */ = {isa = PBXBuildFile; fileRef = 3577A6082C45537E00A05395 /* CreateCategoryViewController.swift */; };
		3577A60F2C47B64800A05395 /* CategoryTableViewCell.swift in Sources */ = {isa = PBXBuildFile; fileRef = 3577A60E2C47B64800A05395 /* CategoryTableViewCell.swift */; };
		3577A6112C49213300A05395 /* DataHolder.swift in Sources */ = {isa = PBXBuildFile; fileRef = 3577A6102C49213300A05395 /* DataHolder.swift */; };
		3577A6172C4A71D100A05395 /* SelfSizingTableView.swift in Sources */ = {isa = PBXBuildFile; fileRef = 3577A6162C4A71D100A05395 /* SelfSizingTableView.swift */; };
		3577A6192C4E560000A05395 /* ScheduleViewController.swift in Sources */ = {isa = PBXBuildFile; fileRef = 3577A6182C4E560000A05395 /* ScheduleViewController.swift */; };
		3577A61B2C4E5CBD00A05395 /* ScheduleTableViewcell.swift in Sources */ = {isa = PBXBuildFile; fileRef = 3577A61A2C4E5CBD00A05395 /* ScheduleTableViewcell.swift */; };
		3577A61E2C4FAD4B00A05395 /* WeekDay.swift in Sources */ = {isa = PBXBuildFile; fileRef = 3577A61D2C4FAD4B00A05395 /* WeekDay.swift */; };
		3577A6212C4FAED900A05395 /* ColorCollectionViewCell.swift in Sources */ = {isa = PBXBuildFile; fileRef = 3577A6202C4FAED900A05395 /* ColorCollectionViewCell.swift */; };
		3577A6272C4FB51100A05395 /* CollectionsItems.swift in Sources */ = {isa = PBXBuildFile; fileRef = 3577A6262C4FB51100A05395 /* CollectionsItems.swift */; };
		3577A6292C50E5CD00A05395 /* EmojiCollectionViewCell.swift in Sources */ = {isa = PBXBuildFile; fileRef = 3577A6282C50E5CD00A05395 /* EmojiCollectionViewCell.swift */; };
		3577A62B2C51224100A05395 /* SelfSizingCollectionView.swift in Sources */ = {isa = PBXBuildFile; fileRef = 3577A62A2C51224100A05395 /* SelfSizingCollectionView.swift */; };
		3577A62F2C52420200A05395 /* TrackersCollectionViewCell.swift in Sources */ = {isa = PBXBuildFile; fileRef = 3577A62E2C52420200A05395 /* TrackersCollectionViewCell.swift */; };
		3577A6342C53C84400A05395 /* SupplementaryView.swift in Sources */ = {isa = PBXBuildFile; fileRef = 3577A6332C53C84400A05395 /* SupplementaryView.swift */; };
		3577A6372C55A61800A05395 /* Date+extension.swift in Sources */ = {isa = PBXBuildFile; fileRef = 3577A6362C55A61800A05395 /* Date+extension.swift */; };
		3577A6832C5CCD1C00A05395 /* TrackerStore.swift in Sources */ = {isa = PBXBuildFile; fileRef = 3577A6822C5CCD1C00A05395 /* TrackerStore.swift */; };
		3577A6852C5CD05300A05395 /* String+extension.swift in Sources */ = {isa = PBXBuildFile; fileRef = 3577A6842C5CD05300A05395 /* String+extension.swift */; };
		3577A6872C5CEC3800A05395 /* TrackerCategoryStore.swift in Sources */ = {isa = PBXBuildFile; fileRef = 3577A6862C5CEC3800A05395 /* TrackerCategoryStore.swift */; };
		3577A6892C5CEEAF00A05395 /* TrackerRecordStore.swift in Sources */ = {isa = PBXBuildFile; fileRef = 3577A6882C5CEEAF00A05395 /* TrackerRecordStore.swift */; };
		35C1E50D2C6C965000872795 /* OnboardingViewController.swift in Sources */ = {isa = PBXBuildFile; fileRef = 35C1E50C2C6C965000872795 /* OnboardingViewController.swift */; };
		35C1E50F2C6C968700872795 /* ForOnboardingViewController.swift in Sources */ = {isa = PBXBuildFile; fileRef = 35C1E50E2C6C968700872795 /* ForOnboardingViewController.swift */; };
		35C1E5132C6CC49200872795 /* CategoryViewModel.swift in Sources */ = {isa = PBXBuildFile; fileRef = 35C1E5122C6CC49200872795 /* CategoryViewModel.swift */; };
		35C1E5152C6CF77200872795 /* UserDefaults+extension.swift in Sources */ = {isa = PBXBuildFile; fileRef = 35C1E5142C6CF77200872795 /* UserDefaults+extension.swift */; };
		35C1E5242C6E96FB00872795 /* Tracker.xcdatamodeld in Sources */ = {isa = PBXBuildFile; fileRef = 35C1E5212C6E956700872795 /* Tracker.xcdatamodeld */; };
		35C1E5262C6FE9E700872795 /* TrackersViewModel.swift in Sources */ = {isa = PBXBuildFile; fileRef = 35C1E5252C6FE9E700872795 /* TrackersViewModel.swift */; };
		35C1E5282C6FEA1C00872795 /* Binding.swift in Sources */ = {isa = PBXBuildFile; fileRef = 35C1E5272C6FEA1C00872795 /* Binding.swift */; };
		35C1E52A2C7F21D900872795 /* FilterViewController.swift in Sources */ = {isa = PBXBuildFile; fileRef = 35C1E5292C7F21D900872795 /* FilterViewController.swift */; };
		35C1E52D2C7F285100872795 /* Filters.swift in Sources */ = {isa = PBXBuildFile; fileRef = 35C1E52C2C7F285100872795 /* Filters.swift */; };
		35C1E5322C80883200872795 /* EditTrackerViewController.swift in Sources */ = {isa = PBXBuildFile; fileRef = 35C1E5312C80883200872795 /* EditTrackerViewController.swift */; };
		35C1E5342C80BC7000872795 /* StatisticTableViewCell.swift in Sources */ = {isa = PBXBuildFile; fileRef = 35C1E5332C80BC7000872795 /* StatisticTableViewCell.swift */; };
		35C1E5362C80CB1600872795 /* Statistic.swift in Sources */ = {isa = PBXBuildFile; fileRef = 35C1E5352C80CB1600872795 /* Statistic.swift */; };
		35C1E53A2C81055200872795 /* Localizable.strings in Resources */ = {isa = PBXBuildFile; fileRef = 35C1E5382C81055200872795 /* Localizable.strings */; };
		35C1E5462C810D5700872795 /* InlineSnapshotTesting in Frameworks */ = {isa = PBXBuildFile; productRef = 35C1E5452C810D5700872795 /* InlineSnapshotTesting */; };
		35C1E5482C810D5B00872795 /* SnapshotTesting in Frameworks */ = {isa = PBXBuildFile; productRef = 35C1E5472C810D5B00872795 /* SnapshotTesting */; };
/* End PBXBuildFile section */

/* Begin PBXContainerItemProxy section */
		350353AF2C32B0A200C8293D /* PBXContainerItemProxy */ = {
			isa = PBXContainerItemProxy;
			containerPortal = 350353902C32B0A100C8293D /* Project object */;
			proxyType = 1;
			remoteGlobalIDString = 350353972C32B0A100C8293D;
			remoteInfo = Tracker;
		};
		350353B92C32B0A200C8293D /* PBXContainerItemProxy */ = {
			isa = PBXContainerItemProxy;
			containerPortal = 350353902C32B0A100C8293D /* Project object */;
			proxyType = 1;
			remoteGlobalIDString = 350353972C32B0A100C8293D;
			remoteInfo = Tracker;
		};
/* End PBXContainerItemProxy section */

/* Begin PBXFileReference section */
		350353982C32B0A100C8293D /* Tracker.app */ = {isa = PBXFileReference; explicitFileType = wrapper.application; includeInIndex = 0; path = Tracker.app; sourceTree = BUILT_PRODUCTS_DIR; };
		3503539B2C32B0A100C8293D /* AppDelegate.swift */ = {isa = PBXFileReference; lastKnownFileType = sourcecode.swift; path = AppDelegate.swift; sourceTree = "<group>"; };
		3503539D2C32B0A100C8293D /* SceneDelegate.swift */ = {isa = PBXFileReference; lastKnownFileType = sourcecode.swift; path = SceneDelegate.swift; sourceTree = "<group>"; };
		350353A42C32B0A200C8293D /* Assets.xcassets */ = {isa = PBXFileReference; lastKnownFileType = folder.assetcatalog; path = Assets.xcassets; sourceTree = "<group>"; };
		350353A72C32B0A200C8293D /* Base */ = {isa = PBXFileReference; lastKnownFileType = file.storyboard; name = Base; path = Base.lproj/LaunchScreen.storyboard; sourceTree = "<group>"; };
		350353A92C32B0A200C8293D /* Info.plist */ = {isa = PBXFileReference; lastKnownFileType = text.plist.xml; path = Info.plist; sourceTree = "<group>"; };
		350353AE2C32B0A200C8293D /* TrackerTests.xctest */ = {isa = PBXFileReference; explicitFileType = wrapper.cfbundle; includeInIndex = 0; path = TrackerTests.xctest; sourceTree = BUILT_PRODUCTS_DIR; };
		350353B22C32B0A200C8293D /* TrackerTests.swift */ = {isa = PBXFileReference; lastKnownFileType = sourcecode.swift; path = TrackerTests.swift; sourceTree = "<group>"; };
		350353B82C32B0A200C8293D /* TrackerUITests.xctest */ = {isa = PBXFileReference; explicitFileType = wrapper.cfbundle; includeInIndex = 0; path = TrackerUITests.xctest; sourceTree = BUILT_PRODUCTS_DIR; };
		350353BC2C32B0A200C8293D /* TrackerUITests.swift */ = {isa = PBXFileReference; lastKnownFileType = sourcecode.swift; path = TrackerUITests.swift; sourceTree = "<group>"; };
		350353BE2C32B0A200C8293D /* TrackerUITestsLaunchTests.swift */ = {isa = PBXFileReference; lastKnownFileType = sourcecode.swift; path = TrackerUITestsLaunchTests.swift; sourceTree = "<group>"; };
		350353CB2C35127F00C8293D /* TrackersViewController.swift */ = {isa = PBXFileReference; lastKnownFileType = sourcecode.swift; path = TrackersViewController.swift; sourceTree = "<group>"; };
		350353CD2C35129400C8293D /* TabBarViewController.swift */ = {isa = PBXFileReference; lastKnownFileType = sourcecode.swift; path = TabBarViewController.swift; sourceTree = "<group>"; };
		350353CF2C3512AF00C8293D /* StatisticsViewController.swift */ = {isa = PBXFileReference; lastKnownFileType = sourcecode.swift; path = StatisticsViewController.swift; sourceTree = "<group>"; };
		350353D32C3518AD00C8293D /* UIColor+extension.swift */ = {isa = PBXFileReference; lastKnownFileType = sourcecode.swift; path = "UIColor+extension.swift"; sourceTree = "<group>"; };
		355B552F2C3FB2C90073A169 /* CreateTrackersViewController.swift */ = {isa = PBXFileReference; lastKnownFileType = sourcecode.swift; path = CreateTrackersViewController.swift; sourceTree = "<group>"; };
		355B55312C3FC25E0073A169 /* CreateUnregularEventViewController.swift */ = {isa = PBXFileReference; lastKnownFileType = sourcecode.swift; path = CreateUnregularEventViewController.swift; sourceTree = "<group>"; };
		355B55352C3FC37C0073A169 /* CreateHabitViewController.swift */ = {isa = PBXFileReference; lastKnownFileType = sourcecode.swift; path = CreateHabitViewController.swift; sourceTree = "<group>"; };
		355DC5212C3E9849000BC540 /* Tracker.swift */ = {isa = PBXFileReference; lastKnownFileType = sourcecode.swift; path = Tracker.swift; sourceTree = "<group>"; };
		355DC5232C3E9924000BC540 /* TrackerCategory.swift */ = {isa = PBXFileReference; lastKnownFileType = sourcecode.swift; path = TrackerCategory.swift; sourceTree = "<group>"; };
		355DC5252C3E996D000BC540 /* TrackerRecord.swift */ = {isa = PBXFileReference; lastKnownFileType = sourcecode.swift; path = TrackerRecord.swift; sourceTree = "<group>"; };
		3577A6042C452A6D00A05395 /* CategoryViewController.swift */ = {isa = PBXFileReference; lastKnownFileType = sourcecode.swift; path = CategoryViewController.swift; sourceTree = "<group>"; };
		3577A6062C453CB700A05395 /* CustomButton.swift */ = {isa = PBXFileReference; lastKnownFileType = sourcecode.swift; path = CustomButton.swift; sourceTree = "<group>"; };
		3577A6082C45537E00A05395 /* CreateCategoryViewController.swift */ = {isa = PBXFileReference; lastKnownFileType = sourcecode.swift; path = CreateCategoryViewController.swift; sourceTree = "<group>"; };
		3577A60E2C47B64800A05395 /* CategoryTableViewCell.swift */ = {isa = PBXFileReference; lastKnownFileType = sourcecode.swift; path = CategoryTableViewCell.swift; sourceTree = "<group>"; };
		3577A6102C49213300A05395 /* DataHolder.swift */ = {isa = PBXFileReference; lastKnownFileType = sourcecode.swift; path = DataHolder.swift; sourceTree = "<group>"; };
		3577A6162C4A71D100A05395 /* SelfSizingTableView.swift */ = {isa = PBXFileReference; lastKnownFileType = sourcecode.swift; path = SelfSizingTableView.swift; sourceTree = "<group>"; };
		3577A6182C4E560000A05395 /* ScheduleViewController.swift */ = {isa = PBXFileReference; lastKnownFileType = sourcecode.swift; path = ScheduleViewController.swift; sourceTree = "<group>"; };
		3577A61A2C4E5CBD00A05395 /* ScheduleTableViewcell.swift */ = {isa = PBXFileReference; lastKnownFileType = sourcecode.swift; path = ScheduleTableViewcell.swift; sourceTree = "<group>"; };
		3577A61D2C4FAD4B00A05395 /* WeekDay.swift */ = {isa = PBXFileReference; lastKnownFileType = sourcecode.swift; path = WeekDay.swift; sourceTree = "<group>"; };
		3577A6202C4FAED900A05395 /* ColorCollectionViewCell.swift */ = {isa = PBXFileReference; lastKnownFileType = sourcecode.swift; path = ColorCollectionViewCell.swift; sourceTree = "<group>"; };
		3577A6262C4FB51100A05395 /* CollectionsItems.swift */ = {isa = PBXFileReference; lastKnownFileType = sourcecode.swift; path = CollectionsItems.swift; sourceTree = "<group>"; };
		3577A6282C50E5CD00A05395 /* EmojiCollectionViewCell.swift */ = {isa = PBXFileReference; lastKnownFileType = sourcecode.swift; path = EmojiCollectionViewCell.swift; sourceTree = "<group>"; };
		3577A62A2C51224100A05395 /* SelfSizingCollectionView.swift */ = {isa = PBXFileReference; lastKnownFileType = sourcecode.swift; path = SelfSizingCollectionView.swift; sourceTree = "<group>"; };
		3577A62E2C52420200A05395 /* TrackersCollectionViewCell.swift */ = {isa = PBXFileReference; lastKnownFileType = sourcecode.swift; path = TrackersCollectionViewCell.swift; sourceTree = "<group>"; };
		3577A6332C53C84400A05395 /* SupplementaryView.swift */ = {isa = PBXFileReference; lastKnownFileType = sourcecode.swift; path = SupplementaryView.swift; sourceTree = "<group>"; };
		3577A6362C55A61800A05395 /* Date+extension.swift */ = {isa = PBXFileReference; lastKnownFileType = sourcecode.swift; path = "Date+extension.swift"; sourceTree = "<group>"; };
		3577A6822C5CCD1C00A05395 /* TrackerStore.swift */ = {isa = PBXFileReference; lastKnownFileType = sourcecode.swift; path = TrackerStore.swift; sourceTree = "<group>"; };
		3577A6842C5CD05300A05395 /* String+extension.swift */ = {isa = PBXFileReference; lastKnownFileType = sourcecode.swift; path = "String+extension.swift"; sourceTree = "<group>"; };
		3577A6862C5CEC3800A05395 /* TrackerCategoryStore.swift */ = {isa = PBXFileReference; lastKnownFileType = sourcecode.swift; path = TrackerCategoryStore.swift; sourceTree = "<group>"; };
		3577A6882C5CEEAF00A05395 /* TrackerRecordStore.swift */ = {isa = PBXFileReference; lastKnownFileType = sourcecode.swift; path = TrackerRecordStore.swift; sourceTree = "<group>"; };
		35C1E50C2C6C965000872795 /* OnboardingViewController.swift */ = {isa = PBXFileReference; lastKnownFileType = sourcecode.swift; path = OnboardingViewController.swift; sourceTree = "<group>"; };
		35C1E50E2C6C968700872795 /* ForOnboardingViewController.swift */ = {isa = PBXFileReference; lastKnownFileType = sourcecode.swift; path = ForOnboardingViewController.swift; sourceTree = "<group>"; };
		35C1E5122C6CC49200872795 /* CategoryViewModel.swift */ = {isa = PBXFileReference; lastKnownFileType = sourcecode.swift; path = CategoryViewModel.swift; sourceTree = "<group>"; };
		35C1E5142C6CF77200872795 /* UserDefaults+extension.swift */ = {isa = PBXFileReference; lastKnownFileType = sourcecode.swift; path = "UserDefaults+extension.swift"; sourceTree = "<group>"; };
		35C1E5222C6E956700872795 /* Tracker.xcdatamodel */ = {isa = PBXFileReference; lastKnownFileType = wrapper.xcdatamodel; path = Tracker.xcdatamodel; sourceTree = "<group>"; };
		35C1E5252C6FE9E700872795 /* TrackersViewModel.swift */ = {isa = PBXFileReference; lastKnownFileType = sourcecode.swift; path = TrackersViewModel.swift; sourceTree = "<group>"; };
		35C1E5272C6FEA1C00872795 /* Binding.swift */ = {isa = PBXFileReference; lastKnownFileType = sourcecode.swift; path = Binding.swift; sourceTree = "<group>"; };
		35C1E5292C7F21D900872795 /* FilterViewController.swift */ = {isa = PBXFileReference; lastKnownFileType = sourcecode.swift; path = FilterViewController.swift; sourceTree = "<group>"; };
		35C1E52C2C7F285100872795 /* Filters.swift */ = {isa = PBXFileReference; lastKnownFileType = sourcecode.swift; path = Filters.swift; sourceTree = "<group>"; };
		35C1E5312C80883200872795 /* EditTrackerViewController.swift */ = {isa = PBXFileReference; lastKnownFileType = sourcecode.swift; path = EditTrackerViewController.swift; sourceTree = "<group>"; };
		35C1E5332C80BC7000872795 /* StatisticTableViewCell.swift */ = {isa = PBXFileReference; lastKnownFileType = sourcecode.swift; path = StatisticTableViewCell.swift; sourceTree = "<group>"; };
		35C1E5352C80CB1600872795 /* Statistic.swift */ = {isa = PBXFileReference; lastKnownFileType = sourcecode.swift; path = Statistic.swift; sourceTree = "<group>"; };
		35C1E5392C81055200872795 /* en */ = {isa = PBXFileReference; lastKnownFileType = text.plist.strings; name = en; path = en.lproj/Localizable.strings; sourceTree = "<group>"; };
		35C1E53B2C8105FD00872795 /* zh-HK */ = {isa = PBXFileReference; lastKnownFileType = text.plist.strings; name = "zh-HK"; path = "zh-HK.lproj/LaunchScreen.strings"; sourceTree = "<group>"; };
		35C1E53C2C8105FD00872795 /* zh-HK */ = {isa = PBXFileReference; lastKnownFileType = text.plist.strings; name = "zh-HK"; path = "zh-HK.lproj/Localizable.strings"; sourceTree = "<group>"; };
		35C1E53D2C8107F500872795 /* ru */ = {isa = PBXFileReference; lastKnownFileType = text.plist.strings; name = ru; path = ru.lproj/LaunchScreen.strings; sourceTree = "<group>"; };
		35C1E53E2C8107F500872795 /* ru */ = {isa = PBXFileReference; lastKnownFileType = text.plist.strings; name = ru; path = ru.lproj/Localizable.strings; sourceTree = "<group>"; };
/* End PBXFileReference section */

/* Begin PBXFrameworksBuildPhase section */
		350353952C32B0A100C8293D /* Frameworks */ = {
			isa = PBXFrameworksBuildPhase;
			buildActionMask = 2147483647;
			files = (
			);
			runOnlyForDeploymentPostprocessing = 0;
		};
		350353AB2C32B0A200C8293D /* Frameworks */ = {
			isa = PBXFrameworksBuildPhase;
			buildActionMask = 2147483647;
			files = (
				35C1E5462C810D5700872795 /* InlineSnapshotTesting in Frameworks */,
				35C1E5482C810D5B00872795 /* SnapshotTesting in Frameworks */,
			);
			runOnlyForDeploymentPostprocessing = 0;
		};
		350353B52C32B0A200C8293D /* Frameworks */ = {
			isa = PBXFrameworksBuildPhase;
			buildActionMask = 2147483647;
			files = (
			);
			runOnlyForDeploymentPostprocessing = 0;
		};
/* End PBXFrameworksBuildPhase section */

/* Begin PBXGroup section */
		3503538F2C32B0A100C8293D = {
			isa = PBXGroup;
			children = (
				3503539A2C32B0A100C8293D /* Tracker */,
				350353B12C32B0A200C8293D /* TrackerTests */,
				350353BB2C32B0A200C8293D /* TrackerUITests */,
				350353992C32B0A100C8293D /* Products */,
				35C1E5402C810D0200872795 /* Frameworks */,
			);
			sourceTree = "<group>";
		};
		350353992C32B0A100C8293D /* Products */ = {
			isa = PBXGroup;
			children = (
				350353982C32B0A100C8293D /* Tracker.app */,
				350353AE2C32B0A200C8293D /* TrackerTests.xctest */,
				350353B82C32B0A200C8293D /* TrackerUITests.xctest */,
			);
			name = Products;
			sourceTree = "<group>";
		};
		3503539A2C32B0A100C8293D /* Tracker */ = {
			isa = PBXGroup;
			children = (
				35C1E5372C81052C00872795 /* Resources */,
				35C1E5212C6E956700872795 /* Tracker.xcdatamodeld */,
				3577A6812C5CCD0900A05395 /* Store */,
				355DC5202C3E9836000BC540 /* Models */,
				355B55332C3FC3030073A169 /* Trackers */,
				3503539B2C32B0A100C8293D /* AppDelegate.swift */,
				3503539D2C32B0A100C8293D /* SceneDelegate.swift */,
				350353A42C32B0A200C8293D /* Assets.xcassets */,
				350353A62C32B0A200C8293D /* LaunchScreen.storyboard */,
				350353A92C32B0A200C8293D /* Info.plist */,
			);
			path = Tracker;
			sourceTree = "<group>";
		};
		350353B12C32B0A200C8293D /* TrackerTests */ = {
			isa = PBXGroup;
			children = (
				350353B22C32B0A200C8293D /* TrackerTests.swift */,
			);
			path = TrackerTests;
			sourceTree = "<group>";
		};
		350353BB2C32B0A200C8293D /* TrackerUITests */ = {
			isa = PBXGroup;
			children = (
				350353BC2C32B0A200C8293D /* TrackerUITests.swift */,
				350353BE2C32B0A200C8293D /* TrackerUITestsLaunchTests.swift */,
			);
			path = TrackerUITests;
			sourceTree = "<group>";
		};
		355B55332C3FC3030073A169 /* Trackers */ = {
			isa = PBXGroup;
			children = (
				35C1E50B2C6C962500872795 /* OnboardingViewController */,
				3577A68E2C62D08C00A05395 /* TapBarViewController */,
				3577A68D2C62CF9A00A05395 /* TrackersViewController */,
				3577A68C2C62CF8300A05395 /* StatisticViewController */,
			);
			path = Trackers;
			sourceTree = "<group>";
		};
		355B55342C3FC3280073A169 /* CreateTrackers */ = {
			isa = PBXGroup;
			children = (
				355B552F2C3FB2C90073A169 /* CreateTrackersViewController.swift */,
				355B55312C3FC25E0073A169 /* CreateUnregularEventViewController.swift */,
				355B55352C3FC37C0073A169 /* CreateHabitViewController.swift */,
			);
			path = CreateTrackers;
			sourceTree = "<group>";
		};
		355DC5202C3E9836000BC540 /* Models */ = {
			isa = PBXGroup;
			children = (
				35C1E52B2C7F282000872795 /* Enums */,
				3577A6302C538C2A00A05395 /* Extensions */,
				3577A6142C4A714400A05395 /* Structs */,
				3577A6152C4A715200A05395 /* CustomUI */,
				35C1E5272C6FEA1C00872795 /* Binding.swift */,
			);
			path = Models;
			sourceTree = "<group>";
		};
		3577A60D2C47B62500A05395 /* TableViewCells */ = {
			isa = PBXGroup;
			children = (
				3577A60E2C47B64800A05395 /* CategoryTableViewCell.swift */,
				3577A61A2C4E5CBD00A05395 /* ScheduleTableViewcell.swift */,
				35C1E5332C80BC7000872795 /* StatisticTableViewCell.swift */,
			);
			path = TableViewCells;
			sourceTree = "<group>";
		};
		3577A6142C4A714400A05395 /* Structs */ = {
			isa = PBXGroup;
			children = (
				355DC5212C3E9849000BC540 /* Tracker.swift */,
				355DC5232C3E9924000BC540 /* TrackerCategory.swift */,
				355DC5252C3E996D000BC540 /* TrackerRecord.swift */,
			);
			path = Structs;
			sourceTree = "<group>";
		};
		3577A6152C4A715200A05395 /* CustomUI */ = {
			isa = PBXGroup;
			children = (
				3577A61F2C4FAD8A00A05395 /* CollectionViewCells */,
				3577A60D2C47B62500A05395 /* TableViewCells */,
				3577A6352C53CA6C00A05395 /* SupplementaryView */,
				3577A68B2C62CF2600A05395 /* SelfSizingViews */,
				3577A68A2C62CF0800A05395 /* CustomButton */,
			);
			path = CustomUI;
			sourceTree = "<group>";
		};
		3577A61F2C4FAD8A00A05395 /* CollectionViewCells */ = {
			isa = PBXGroup;
			children = (
				3577A6202C4FAED900A05395 /* ColorCollectionViewCell.swift */,
				3577A6282C50E5CD00A05395 /* EmojiCollectionViewCell.swift */,
				3577A62E2C52420200A05395 /* TrackersCollectionViewCell.swift */,
			);
			path = CollectionViewCells;
			sourceTree = "<group>";
		};
		3577A6302C538C2A00A05395 /* Extensions */ = {
			isa = PBXGroup;
			children = (
				350353D32C3518AD00C8293D /* UIColor+extension.swift */,
				3577A6842C5CD05300A05395 /* String+extension.swift */,
				3577A6362C55A61800A05395 /* Date+extension.swift */,
				35C1E5142C6CF77200872795 /* UserDefaults+extension.swift */,
			);
			path = Extensions;
			sourceTree = "<group>";
		};
		3577A6352C53CA6C00A05395 /* SupplementaryView */ = {
			isa = PBXGroup;
			children = (
				3577A6332C53C84400A05395 /* SupplementaryView.swift */,
			);
			path = SupplementaryView;
			sourceTree = "<group>";
		};
		3577A6812C5CCD0900A05395 /* Store */ = {
			isa = PBXGroup;
			children = (
				3577A6902C62D0E100A05395 /* DataHolder */,
				3577A68F2C62D0C600A05395 /* TrackersStore */,
			);
			path = Store;
			sourceTree = "<group>";
		};
		3577A68A2C62CF0800A05395 /* CustomButton */ = {
			isa = PBXGroup;
			children = (
				3577A6062C453CB700A05395 /* CustomButton.swift */,
			);
			path = CustomButton;
			sourceTree = "<group>";
		};
		3577A68B2C62CF2600A05395 /* SelfSizingViews */ = {
			isa = PBXGroup;
			children = (
				3577A6162C4A71D100A05395 /* SelfSizingTableView.swift */,
				3577A62A2C51224100A05395 /* SelfSizingCollectionView.swift */,
			);
			path = SelfSizingViews;
			sourceTree = "<group>";
		};
		3577A68C2C62CF8300A05395 /* StatisticViewController */ = {
			isa = PBXGroup;
			children = (
				350353CF2C3512AF00C8293D /* StatisticsViewController.swift */,
			);
			path = StatisticViewController;
			sourceTree = "<group>";
		};
		3577A68D2C62CF9A00A05395 /* TrackersViewController */ = {
			isa = PBXGroup;
			children = (
				35C1E52F2C7F899B00872795 /* TrackersViewController */,
				35C1E5302C8087EF00872795 /* EditTrackerViewController */,
				35C1E52E2C7F858B00872795 /* FilterViewController */,
				355B55342C3FC3280073A169 /* CreateTrackers */,
				35C1E5102C6CB4C400872795 /* CategoryViewController */,
				35C1E5112C6CB4F500872795 /* ScheduleViewController */,
			);
			path = TrackersViewController;
			sourceTree = "<group>";
		};
		3577A68E2C62D08C00A05395 /* TapBarViewController */ = {
			isa = PBXGroup;
			children = (
				350353CD2C35129400C8293D /* TabBarViewController.swift */,
			);
			path = TapBarViewController;
			sourceTree = "<group>";
		};
		3577A68F2C62D0C600A05395 /* TrackersStore */ = {
			isa = PBXGroup;
			children = (
				3577A6822C5CCD1C00A05395 /* TrackerStore.swift */,
				3577A6862C5CEC3800A05395 /* TrackerCategoryStore.swift */,
				3577A6882C5CEEAF00A05395 /* TrackerRecordStore.swift */,
			);
			path = TrackersStore;
			sourceTree = "<group>";
		};
		3577A6902C62D0E100A05395 /* DataHolder */ = {
			isa = PBXGroup;
			children = (
				3577A6102C49213300A05395 /* DataHolder.swift */,
			);
			path = DataHolder;
			sourceTree = "<group>";
		};
		35C1E50B2C6C962500872795 /* OnboardingViewController */ = {
			isa = PBXGroup;
			children = (
				35C1E50C2C6C965000872795 /* OnboardingViewController.swift */,
				35C1E50E2C6C968700872795 /* ForOnboardingViewController.swift */,
			);
			path = OnboardingViewController;
			sourceTree = "<group>";
		};
		35C1E5102C6CB4C400872795 /* CategoryViewController */ = {
			isa = PBXGroup;
			children = (
				3577A6042C452A6D00A05395 /* CategoryViewController.swift */,
				35C1E5122C6CC49200872795 /* CategoryViewModel.swift */,
				3577A6082C45537E00A05395 /* CreateCategoryViewController.swift */,
			);
			path = CategoryViewController;
			sourceTree = "<group>";
		};
		35C1E5112C6CB4F500872795 /* ScheduleViewController */ = {
			isa = PBXGroup;
			children = (
				3577A6182C4E560000A05395 /* ScheduleViewController.swift */,
			);
			path = ScheduleViewController;
			sourceTree = "<group>";
		};
		35C1E52B2C7F282000872795 /* Enums */ = {
			isa = PBXGroup;
			children = (
				3577A6262C4FB51100A05395 /* CollectionsItems.swift */,
				3577A61D2C4FAD4B00A05395 /* WeekDay.swift */,
				35C1E52C2C7F285100872795 /* Filters.swift */,
				35C1E5352C80CB1600872795 /* Statistic.swift */,
			);
			path = Enums;
			sourceTree = "<group>";
		};
		35C1E52E2C7F858B00872795 /* FilterViewController */ = {
			isa = PBXGroup;
			children = (
				35C1E5292C7F21D900872795 /* FilterViewController.swift */,
			);
			path = FilterViewController;
			sourceTree = "<group>";
		};
		35C1E52F2C7F899B00872795 /* TrackersViewController */ = {
			isa = PBXGroup;
			children = (
				350353CB2C35127F00C8293D /* TrackersViewController.swift */,
				35C1E5252C6FE9E700872795 /* TrackersViewModel.swift */,
			);
			path = TrackersViewController;
			sourceTree = "<group>";
		};
		35C1E5302C8087EF00872795 /* EditTrackerViewController */ = {
			isa = PBXGroup;
			children = (
				35C1E5312C80883200872795 /* EditTrackerViewController.swift */,
			);
			path = EditTrackerViewController;
			sourceTree = "<group>";
		};
		35C1E5372C81052C00872795 /* Resources */ = {
			isa = PBXGroup;
			children = (
				35C1E5382C81055200872795 /* Localizable.strings */,
			);
			path = Resources;
			sourceTree = "<group>";
		};
		35C1E5402C810D0200872795 /* Frameworks */ = {
			isa = PBXGroup;
			children = (
			);
			name = Frameworks;
			sourceTree = "<group>";
		};
/* End PBXGroup section */

/* Begin PBXNativeTarget section */
		350353972C32B0A100C8293D /* Tracker */ = {
			isa = PBXNativeTarget;
			buildConfigurationList = 350353C22C32B0A200C8293D /* Build configuration list for PBXNativeTarget "Tracker" */;
			buildPhases = (
				350353942C32B0A100C8293D /* Sources */,
				350353952C32B0A100C8293D /* Frameworks */,
				350353962C32B0A100C8293D /* Resources */,
			);
			buildRules = (
			);
			dependencies = (
			);
			name = Tracker;
			packageProductDependencies = (
			);
			productName = Tracker;
			productReference = 350353982C32B0A100C8293D /* Tracker.app */;
			productType = "com.apple.product-type.application";
		};
		350353AD2C32B0A200C8293D /* TrackerTests */ = {
			isa = PBXNativeTarget;
			buildConfigurationList = 350353C52C32B0A200C8293D /* Build configuration list for PBXNativeTarget "TrackerTests" */;
			buildPhases = (
				350353AA2C32B0A200C8293D /* Sources */,
				350353AB2C32B0A200C8293D /* Frameworks */,
				350353AC2C32B0A200C8293D /* Resources */,
			);
			buildRules = (
			);
			dependencies = (
				350353B02C32B0A200C8293D /* PBXTargetDependency */,
			);
			name = TrackerTests;
			packageProductDependencies = (
				35C1E5452C810D5700872795 /* InlineSnapshotTesting */,
				35C1E5472C810D5B00872795 /* SnapshotTesting */,
			);
			productName = TrackerTests;
			productReference = 350353AE2C32B0A200C8293D /* TrackerTests.xctest */;
			productType = "com.apple.product-type.bundle.unit-test";
		};
		350353B72C32B0A200C8293D /* TrackerUITests */ = {
			isa = PBXNativeTarget;
			buildConfigurationList = 350353C82C32B0A200C8293D /* Build configuration list for PBXNativeTarget "TrackerUITests" */;
			buildPhases = (
				350353B42C32B0A200C8293D /* Sources */,
				350353B52C32B0A200C8293D /* Frameworks */,
				350353B62C32B0A200C8293D /* Resources */,
			);
			buildRules = (
			);
			dependencies = (
				350353BA2C32B0A200C8293D /* PBXTargetDependency */,
			);
			name = TrackerUITests;
			productName = TrackerUITests;
			productReference = 350353B82C32B0A200C8293D /* TrackerUITests.xctest */;
			productType = "com.apple.product-type.bundle.ui-testing";
		};
/* End PBXNativeTarget section */

/* Begin PBXProject section */
		350353902C32B0A100C8293D /* Project object */ = {
			isa = PBXProject;
			attributes = {
				BuildIndependentTargetsInParallel = 1;
				LastSwiftUpdateCheck = 1540;
				LastUpgradeCheck = 1540;
				TargetAttributes = {
					350353972C32B0A100C8293D = {
						CreatedOnToolsVersion = 15.4;
					};
					350353AD2C32B0A200C8293D = {
						CreatedOnToolsVersion = 15.4;
						TestTargetID = 350353972C32B0A100C8293D;
					};
					350353B72C32B0A200C8293D = {
						CreatedOnToolsVersion = 15.4;
						TestTargetID = 350353972C32B0A100C8293D;
					};
				};
			};
			buildConfigurationList = 350353932C32B0A100C8293D /* Build configuration list for PBXProject "Tracker" */;
			compatibilityVersion = "Xcode 14.0";
			developmentRegion = en;
			hasScannedForEncodings = 0;
			knownRegions = (
				en,
				Base,
				"zh-HK",
				ru,
			);
			mainGroup = 3503538F2C32B0A100C8293D;
			packageReferences = (
				35C1E53F2C810CF200872795 /* XCRemoteSwiftPackageReference "swift-snapshot-testing" */,
			);
			productRefGroup = 350353992C32B0A100C8293D /* Products */;
			projectDirPath = "";
			projectRoot = "";
			targets = (
				350353972C32B0A100C8293D /* Tracker */,
				350353AD2C32B0A200C8293D /* TrackerTests */,
				350353B72C32B0A200C8293D /* TrackerUITests */,
			);
		};
/* End PBXProject section */

/* Begin PBXResourcesBuildPhase section */
		350353962C32B0A100C8293D /* Resources */ = {
			isa = PBXResourcesBuildPhase;
			buildActionMask = 2147483647;
			files = (
				350353A52C32B0A200C8293D /* Assets.xcassets in Resources */,
				35C1E53A2C81055200872795 /* Localizable.strings in Resources */,
				350353A82C32B0A200C8293D /* Base in Resources */,
			);
			runOnlyForDeploymentPostprocessing = 0;
		};
		350353AC2C32B0A200C8293D /* Resources */ = {
			isa = PBXResourcesBuildPhase;
			buildActionMask = 2147483647;
			files = (
			);
			runOnlyForDeploymentPostprocessing = 0;
		};
		350353B62C32B0A200C8293D /* Resources */ = {
			isa = PBXResourcesBuildPhase;
			buildActionMask = 2147483647;
			files = (
			);
			runOnlyForDeploymentPostprocessing = 0;
		};
/* End PBXResourcesBuildPhase section */

/* Begin PBXSourcesBuildPhase section */
		350353942C32B0A100C8293D /* Sources */ = {
			isa = PBXSourcesBuildPhase;
			buildActionMask = 2147483647;
			files = (
				3577A6852C5CD05300A05395 /* String+extension.swift in Sources */,
				3577A6892C5CEEAF00A05395 /* TrackerRecordStore.swift in Sources */,
				3577A62F2C52420200A05395 /* TrackersCollectionViewCell.swift in Sources */,
				35C1E52D2C7F285100872795 /* Filters.swift in Sources */,
				35C1E50D2C6C965000872795 /* OnboardingViewController.swift in Sources */,
				3577A61B2C4E5CBD00A05395 /* ScheduleTableViewcell.swift in Sources */,
				355B55362C3FC37C0073A169 /* CreateHabitViewController.swift in Sources */,
				355DC5242C3E9924000BC540 /* TrackerCategory.swift in Sources */,
				35C1E5282C6FEA1C00872795 /* Binding.swift in Sources */,
				355B55302C3FB2C90073A169 /* CreateTrackersViewController.swift in Sources */,
				350353D42C3518AD00C8293D /* UIColor+extension.swift in Sources */,
				3577A6342C53C84400A05395 /* SupplementaryView.swift in Sources */,
				3577A6212C4FAED900A05395 /* ColorCollectionViewCell.swift in Sources */,
				3577A6872C5CEC3800A05395 /* TrackerCategoryStore.swift in Sources */,
				3577A6172C4A71D100A05395 /* SelfSizingTableView.swift in Sources */,
				350353CC2C35127F00C8293D /* TrackersViewController.swift in Sources */,
				3577A6092C45537E00A05395 /* CreateCategoryViewController.swift in Sources */,
				35C1E5262C6FE9E700872795 /* TrackersViewModel.swift in Sources */,
				3577A62B2C51224100A05395 /* SelfSizingCollectionView.swift in Sources */,
				35C1E5132C6CC49200872795 /* CategoryViewModel.swift in Sources */,
				35C1E5342C80BC7000872795 /* StatisticTableViewCell.swift in Sources */,
				3577A6832C5CCD1C00A05395 /* TrackerStore.swift in Sources */,
				3577A61E2C4FAD4B00A05395 /* WeekDay.swift in Sources */,
				355B55322C3FC25E0073A169 /* CreateUnregularEventViewController.swift in Sources */,
				3503539C2C32B0A100C8293D /* AppDelegate.swift in Sources */,
				355DC5262C3E996D000BC540 /* TrackerRecord.swift in Sources */,
				355DC5222C3E9849000BC540 /* Tracker.swift in Sources */,
				3577A6192C4E560000A05395 /* ScheduleViewController.swift in Sources */,
				350353D02C3512AF00C8293D /* StatisticsViewController.swift in Sources */,
				3577A6052C452A6D00A05395 /* CategoryViewController.swift in Sources */,
				35C1E5362C80CB1600872795 /* Statistic.swift in Sources */,
				350353CE2C35129400C8293D /* TabBarViewController.swift in Sources */,
				3503539E2C32B0A100C8293D /* SceneDelegate.swift in Sources */,
				35C1E5152C6CF77200872795 /* UserDefaults+extension.swift in Sources */,
				3577A6072C453CB700A05395 /* CustomButton.swift in Sources */,
				3577A6372C55A61800A05395 /* Date+extension.swift in Sources */,
				3577A6112C49213300A05395 /* DataHolder.swift in Sources */,
				35C1E52A2C7F21D900872795 /* FilterViewController.swift in Sources */,
				35C1E5242C6E96FB00872795 /* Tracker.xcdatamodeld in Sources */,
				3577A6272C4FB51100A05395 /* CollectionsItems.swift in Sources */,
				35C1E50F2C6C968700872795 /* ForOnboardingViewController.swift in Sources */,
				3577A6292C50E5CD00A05395 /* EmojiCollectionViewCell.swift in Sources */,
				3577A60F2C47B64800A05395 /* CategoryTableViewCell.swift in Sources */,
				35C1E5322C80883200872795 /* EditTrackerViewController.swift in Sources */,
			);
			runOnlyForDeploymentPostprocessing = 0;
		};
		350353AA2C32B0A200C8293D /* Sources */ = {
			isa = PBXSourcesBuildPhase;
			buildActionMask = 2147483647;
			files = (
				350353B32C32B0A200C8293D /* TrackerTests.swift in Sources */,
			);
			runOnlyForDeploymentPostprocessing = 0;
		};
		350353B42C32B0A200C8293D /* Sources */ = {
			isa = PBXSourcesBuildPhase;
			buildActionMask = 2147483647;
			files = (
				350353BD2C32B0A200C8293D /* TrackerUITests.swift in Sources */,
				350353BF2C32B0A200C8293D /* TrackerUITestsLaunchTests.swift in Sources */,
			);
			runOnlyForDeploymentPostprocessing = 0;
		};
/* End PBXSourcesBuildPhase section */

/* Begin PBXTargetDependency section */
		350353B02C32B0A200C8293D /* PBXTargetDependency */ = {
			isa = PBXTargetDependency;
			target = 350353972C32B0A100C8293D /* Tracker */;
			targetProxy = 350353AF2C32B0A200C8293D /* PBXContainerItemProxy */;
		};
		350353BA2C32B0A200C8293D /* PBXTargetDependency */ = {
			isa = PBXTargetDependency;
			target = 350353972C32B0A100C8293D /* Tracker */;
			targetProxy = 350353B92C32B0A200C8293D /* PBXContainerItemProxy */;
		};
/* End PBXTargetDependency section */

/* Begin PBXVariantGroup section */
		350353A62C32B0A200C8293D /* LaunchScreen.storyboard */ = {
			isa = PBXVariantGroup;
			children = (
				350353A72C32B0A200C8293D /* Base */,
				35C1E53B2C8105FD00872795 /* zh-HK */,
				35C1E53D2C8107F500872795 /* ru */,
			);
			name = LaunchScreen.storyboard;
			sourceTree = "<group>";
		};
		35C1E5382C81055200872795 /* Localizable.strings */ = {
			isa = PBXVariantGroup;
			children = (
				35C1E5392C81055200872795 /* en */,
				35C1E53C2C8105FD00872795 /* zh-HK */,
				35C1E53E2C8107F500872795 /* ru */,
			);
			name = Localizable.strings;
			sourceTree = "<group>";
		};
/* End PBXVariantGroup section */

/* Begin XCBuildConfiguration section */
		350353C02C32B0A200C8293D /* Debug */ = {
			isa = XCBuildConfiguration;
			buildSettings = {
				ALWAYS_SEARCH_USER_PATHS = NO;
				ASSETCATALOG_COMPILER_GENERATE_SWIFT_ASSET_SYMBOL_EXTENSIONS = YES;
				CLANG_ANALYZER_LOCALIZABILITY_NONLOCALIZED = YES;
				CLANG_ANALYZER_NONNULL = YES;
				CLANG_ANALYZER_NUMBER_OBJECT_CONVERSION = YES_AGGRESSIVE;
				CLANG_CXX_LANGUAGE_STANDARD = "gnu++20";
				CLANG_ENABLE_MODULES = YES;
				CLANG_ENABLE_OBJC_ARC = YES;
				CLANG_ENABLE_OBJC_WEAK = YES;
				CLANG_WARN_BLOCK_CAPTURE_AUTORELEASING = YES;
				CLANG_WARN_BOOL_CONVERSION = YES;
				CLANG_WARN_COMMA = YES;
				CLANG_WARN_CONSTANT_CONVERSION = YES;
				CLANG_WARN_DEPRECATED_OBJC_IMPLEMENTATIONS = YES;
				CLANG_WARN_DIRECT_OBJC_ISA_USAGE = YES_ERROR;
				CLANG_WARN_DOCUMENTATION_COMMENTS = YES;
				CLANG_WARN_EMPTY_BODY = YES;
				CLANG_WARN_ENUM_CONVERSION = YES;
				CLANG_WARN_INFINITE_RECURSION = YES;
				CLANG_WARN_INT_CONVERSION = YES;
				CLANG_WARN_NON_LITERAL_NULL_CONVERSION = YES;
				CLANG_WARN_OBJC_IMPLICIT_RETAIN_SELF = YES;
				CLANG_WARN_OBJC_LITERAL_CONVERSION = YES;
				CLANG_WARN_OBJC_ROOT_CLASS = YES_ERROR;
				CLANG_WARN_QUOTED_INCLUDE_IN_FRAMEWORK_HEADER = YES;
				CLANG_WARN_RANGE_LOOP_ANALYSIS = YES;
				CLANG_WARN_STRICT_PROTOTYPES = YES;
				CLANG_WARN_SUSPICIOUS_MOVE = YES;
				CLANG_WARN_UNGUARDED_AVAILABILITY = YES_AGGRESSIVE;
				CLANG_WARN_UNREACHABLE_CODE = YES;
				CLANG_WARN__DUPLICATE_METHOD_MATCH = YES;
				COPY_PHASE_STRIP = NO;
				DEBUG_INFORMATION_FORMAT = dwarf;
				ENABLE_STRICT_OBJC_MSGSEND = YES;
				ENABLE_TESTABILITY = YES;
				ENABLE_USER_SCRIPT_SANDBOXING = YES;
				GCC_C_LANGUAGE_STANDARD = gnu17;
				GCC_DYNAMIC_NO_PIC = NO;
				GCC_NO_COMMON_BLOCKS = YES;
				GCC_OPTIMIZATION_LEVEL = 0;
				GCC_PREPROCESSOR_DEFINITIONS = (
					"DEBUG=1",
					"$(inherited)",
				);
				GCC_WARN_64_TO_32_BIT_CONVERSION = YES;
				GCC_WARN_ABOUT_RETURN_TYPE = YES_ERROR;
				GCC_WARN_UNDECLARED_SELECTOR = YES;
				GCC_WARN_UNINITIALIZED_AUTOS = YES_AGGRESSIVE;
				GCC_WARN_UNUSED_FUNCTION = YES;
				GCC_WARN_UNUSED_VARIABLE = YES;
				IPHONEOS_DEPLOYMENT_TARGET = 17.5;
				LOCALIZATION_PREFERS_STRING_CATALOGS = YES;
				MTL_ENABLE_DEBUG_INFO = INCLUDE_SOURCE;
				MTL_FAST_MATH = YES;
				ONLY_ACTIVE_ARCH = YES;
				SDKROOT = iphoneos;
				SWIFT_ACTIVE_COMPILATION_CONDITIONS = "DEBUG $(inherited)";
				SWIFT_OPTIMIZATION_LEVEL = "-Onone";
			};
			name = Debug;
		};
		350353C12C32B0A200C8293D /* Release */ = {
			isa = XCBuildConfiguration;
			buildSettings = {
				ALWAYS_SEARCH_USER_PATHS = NO;
				ASSETCATALOG_COMPILER_GENERATE_SWIFT_ASSET_SYMBOL_EXTENSIONS = YES;
				CLANG_ANALYZER_LOCALIZABILITY_NONLOCALIZED = YES;
				CLANG_ANALYZER_NONNULL = YES;
				CLANG_ANALYZER_NUMBER_OBJECT_CONVERSION = YES_AGGRESSIVE;
				CLANG_CXX_LANGUAGE_STANDARD = "gnu++20";
				CLANG_ENABLE_MODULES = YES;
				CLANG_ENABLE_OBJC_ARC = YES;
				CLANG_ENABLE_OBJC_WEAK = YES;
				CLANG_WARN_BLOCK_CAPTURE_AUTORELEASING = YES;
				CLANG_WARN_BOOL_CONVERSION = YES;
				CLANG_WARN_COMMA = YES;
				CLANG_WARN_CONSTANT_CONVERSION = YES;
				CLANG_WARN_DEPRECATED_OBJC_IMPLEMENTATIONS = YES;
				CLANG_WARN_DIRECT_OBJC_ISA_USAGE = YES_ERROR;
				CLANG_WARN_DOCUMENTATION_COMMENTS = YES;
				CLANG_WARN_EMPTY_BODY = YES;
				CLANG_WARN_ENUM_CONVERSION = YES;
				CLANG_WARN_INFINITE_RECURSION = YES;
				CLANG_WARN_INT_CONVERSION = YES;
				CLANG_WARN_NON_LITERAL_NULL_CONVERSION = YES;
				CLANG_WARN_OBJC_IMPLICIT_RETAIN_SELF = YES;
				CLANG_WARN_OBJC_LITERAL_CONVERSION = YES;
				CLANG_WARN_OBJC_ROOT_CLASS = YES_ERROR;
				CLANG_WARN_QUOTED_INCLUDE_IN_FRAMEWORK_HEADER = YES;
				CLANG_WARN_RANGE_LOOP_ANALYSIS = YES;
				CLANG_WARN_STRICT_PROTOTYPES = YES;
				CLANG_WARN_SUSPICIOUS_MOVE = YES;
				CLANG_WARN_UNGUARDED_AVAILABILITY = YES_AGGRESSIVE;
				CLANG_WARN_UNREACHABLE_CODE = YES;
				CLANG_WARN__DUPLICATE_METHOD_MATCH = YES;
				COPY_PHASE_STRIP = NO;
				DEBUG_INFORMATION_FORMAT = "dwarf-with-dsym";
				ENABLE_NS_ASSERTIONS = NO;
				ENABLE_STRICT_OBJC_MSGSEND = YES;
				ENABLE_USER_SCRIPT_SANDBOXING = YES;
				GCC_C_LANGUAGE_STANDARD = gnu17;
				GCC_NO_COMMON_BLOCKS = YES;
				GCC_WARN_64_TO_32_BIT_CONVERSION = YES;
				GCC_WARN_ABOUT_RETURN_TYPE = YES_ERROR;
				GCC_WARN_UNDECLARED_SELECTOR = YES;
				GCC_WARN_UNINITIALIZED_AUTOS = YES_AGGRESSIVE;
				GCC_WARN_UNUSED_FUNCTION = YES;
				GCC_WARN_UNUSED_VARIABLE = YES;
				IPHONEOS_DEPLOYMENT_TARGET = 17.5;
				LOCALIZATION_PREFERS_STRING_CATALOGS = YES;
				MTL_ENABLE_DEBUG_INFO = NO;
				MTL_FAST_MATH = YES;
				SDKROOT = iphoneos;
				SWIFT_COMPILATION_MODE = wholemodule;
				VALIDATE_PRODUCT = YES;
			};
			name = Release;
		};
		350353C32C32B0A200C8293D /* Debug */ = {
			isa = XCBuildConfiguration;
			buildSettings = {
				ASSETCATALOG_COMPILER_APPICON_NAME = AppIcon;
				ASSETCATALOG_COMPILER_GLOBAL_ACCENT_COLOR_NAME = AccentColor;
				CODE_SIGN_STYLE = Automatic;
				CURRENT_PROJECT_VERSION = 1;
				DEVELOPMENT_TEAM = A57Z7C5KNX;
				GENERATE_INFOPLIST_FILE = YES;
				INFOPLIST_FILE = Tracker/Info.plist;
				INFOPLIST_KEY_UIApplicationSupportsIndirectInputEvents = YES;
				INFOPLIST_KEY_UILaunchStoryboardName = LaunchScreen;
				INFOPLIST_KEY_UISupportedInterfaceOrientations = UIInterfaceOrientationPortrait;
				INFOPLIST_KEY_UISupportedInterfaceOrientations_iPad = "UIInterfaceOrientationLandscapeLeft UIInterfaceOrientationLandscapeRight UIInterfaceOrientationPortrait UIInterfaceOrientationPortraitUpsideDown";
				IPHONEOS_DEPLOYMENT_TARGET = 13.4;
				LD_RUNPATH_SEARCH_PATHS = (
					"$(inherited)",
					"@executable_path/Frameworks",
				);
				MARKETING_VERSION = 1.0;
				PRODUCT_BUNDLE_IDENTIFIER = ru.yandex.practicum.Tracker;
				PRODUCT_NAME = "$(TARGET_NAME)";
				SUPPORTED_PLATFORMS = "iphoneos iphonesimulator";
				SUPPORTS_MACCATALYST = NO;
				SUPPORTS_MAC_DESIGNED_FOR_IPHONE_IPAD = NO;
				SUPPORTS_XR_DESIGNED_FOR_IPHONE_IPAD = NO;
				SWIFT_EMIT_LOC_STRINGS = YES;
				SWIFT_VERSION = 5.0;
				TARGETED_DEVICE_FAMILY = 1;
			};
			name = Debug;
		};
		350353C42C32B0A200C8293D /* Release */ = {
			isa = XCBuildConfiguration;
			buildSettings = {
				ASSETCATALOG_COMPILER_APPICON_NAME = AppIcon;
				ASSETCATALOG_COMPILER_GLOBAL_ACCENT_COLOR_NAME = AccentColor;
				CODE_SIGN_STYLE = Automatic;
				CURRENT_PROJECT_VERSION = 1;
				DEVELOPMENT_TEAM = A57Z7C5KNX;
				GENERATE_INFOPLIST_FILE = YES;
				INFOPLIST_FILE = Tracker/Info.plist;
				INFOPLIST_KEY_UIApplicationSupportsIndirectInputEvents = YES;
				INFOPLIST_KEY_UILaunchStoryboardName = LaunchScreen;
				INFOPLIST_KEY_UISupportedInterfaceOrientations = UIInterfaceOrientationPortrait;
				INFOPLIST_KEY_UISupportedInterfaceOrientations_iPad = "UIInterfaceOrientationLandscapeLeft UIInterfaceOrientationLandscapeRight UIInterfaceOrientationPortrait UIInterfaceOrientationPortraitUpsideDown";
				IPHONEOS_DEPLOYMENT_TARGET = 13.4;
				LD_RUNPATH_SEARCH_PATHS = (
					"$(inherited)",
					"@executable_path/Frameworks",
				);
				MARKETING_VERSION = 1.0;
				PRODUCT_BUNDLE_IDENTIFIER = ru.yandex.practicum.Tracker;
				PRODUCT_NAME = "$(TARGET_NAME)";
				SUPPORTED_PLATFORMS = "iphoneos iphonesimulator";
				SUPPORTS_MACCATALYST = NO;
				SUPPORTS_MAC_DESIGNED_FOR_IPHONE_IPAD = NO;
				SUPPORTS_XR_DESIGNED_FOR_IPHONE_IPAD = NO;
				SWIFT_EMIT_LOC_STRINGS = YES;
				SWIFT_VERSION = 5.0;
				TARGETED_DEVICE_FAMILY = 1;
			};
			name = Release;
		};
		350353C62C32B0A200C8293D /* Debug */ = {
			isa = XCBuildConfiguration;
			buildSettings = {
				ALWAYS_EMBED_SWIFT_STANDARD_LIBRARIES = YES;
				BUNDLE_LOADER = "$(TEST_HOST)";
				CODE_SIGN_STYLE = Automatic;
				CURRENT_PROJECT_VERSION = 1;
				DEVELOPMENT_TEAM = A57Z7C5KNX;
				GENERATE_INFOPLIST_FILE = YES;
				IPHONEOS_DEPLOYMENT_TARGET = 17.5;
				MARKETING_VERSION = 1.0;
				PRODUCT_BUNDLE_IDENTIFIER = ru.yandex.practicum.TrackerTests;
				PRODUCT_NAME = "$(TARGET_NAME)";
				SWIFT_EMIT_LOC_STRINGS = NO;
				SWIFT_VERSION = 5.0;
				TARGETED_DEVICE_FAMILY = "1,2";
				TEST_HOST = "$(BUILT_PRODUCTS_DIR)/Tracker.app/$(BUNDLE_EXECUTABLE_FOLDER_PATH)/Tracker";
			};
			name = Debug;
		};
		350353C72C32B0A200C8293D /* Release */ = {
			isa = XCBuildConfiguration;
			buildSettings = {
				ALWAYS_EMBED_SWIFT_STANDARD_LIBRARIES = YES;
				BUNDLE_LOADER = "$(TEST_HOST)";
				CODE_SIGN_STYLE = Automatic;
				CURRENT_PROJECT_VERSION = 1;
				DEVELOPMENT_TEAM = A57Z7C5KNX;
				GENERATE_INFOPLIST_FILE = YES;
				IPHONEOS_DEPLOYMENT_TARGET = 17.5;
				MARKETING_VERSION = 1.0;
				PRODUCT_BUNDLE_IDENTIFIER = ru.yandex.practicum.TrackerTests;
				PRODUCT_NAME = "$(TARGET_NAME)";
				SWIFT_EMIT_LOC_STRINGS = NO;
				SWIFT_VERSION = 5.0;
				TARGETED_DEVICE_FAMILY = "1,2";
				TEST_HOST = "$(BUILT_PRODUCTS_DIR)/Tracker.app/$(BUNDLE_EXECUTABLE_FOLDER_PATH)/Tracker";
			};
			name = Release;
		};
		350353C92C32B0A200C8293D /* Debug */ = {
			isa = XCBuildConfiguration;
			buildSettings = {
				ALWAYS_EMBED_SWIFT_STANDARD_LIBRARIES = YES;
				CODE_SIGN_STYLE = Automatic;
				CURRENT_PROJECT_VERSION = 1;
				DEVELOPMENT_TEAM = A57Z7C5KNX;
				GENERATE_INFOPLIST_FILE = YES;
				MARKETING_VERSION = 1.0;
				PRODUCT_BUNDLE_IDENTIFIER = ru.yandex.practicum.TrackerUITests;
				PRODUCT_NAME = "$(TARGET_NAME)";
				SWIFT_EMIT_LOC_STRINGS = NO;
				SWIFT_VERSION = 5.0;
				TARGETED_DEVICE_FAMILY = "1,2";
				TEST_TARGET_NAME = Tracker;
			};
			name = Debug;
		};
		350353CA2C32B0A200C8293D /* Release */ = {
			isa = XCBuildConfiguration;
			buildSettings = {
				ALWAYS_EMBED_SWIFT_STANDARD_LIBRARIES = YES;
				CODE_SIGN_STYLE = Automatic;
				CURRENT_PROJECT_VERSION = 1;
				DEVELOPMENT_TEAM = A57Z7C5KNX;
				GENERATE_INFOPLIST_FILE = YES;
				MARKETING_VERSION = 1.0;
				PRODUCT_BUNDLE_IDENTIFIER = ru.yandex.practicum.TrackerUITests;
				PRODUCT_NAME = "$(TARGET_NAME)";
				SWIFT_EMIT_LOC_STRINGS = NO;
				SWIFT_VERSION = 5.0;
				TARGETED_DEVICE_FAMILY = "1,2";
				TEST_TARGET_NAME = Tracker;
			};
			name = Release;
		};
/* End XCBuildConfiguration section */

/* Begin XCConfigurationList section */
		350353932C32B0A100C8293D /* Build configuration list for PBXProject "Tracker" */ = {
			isa = XCConfigurationList;
			buildConfigurations = (
				350353C02C32B0A200C8293D /* Debug */,
				350353C12C32B0A200C8293D /* Release */,
			);
			defaultConfigurationIsVisible = 0;
			defaultConfigurationName = Release;
		};
		350353C22C32B0A200C8293D /* Build configuration list for PBXNativeTarget "Tracker" */ = {
			isa = XCConfigurationList;
			buildConfigurations = (
				350353C32C32B0A200C8293D /* Debug */,
				350353C42C32B0A200C8293D /* Release */,
			);
			defaultConfigurationIsVisible = 0;
			defaultConfigurationName = Release;
		};
		350353C52C32B0A200C8293D /* Build configuration list for PBXNativeTarget "TrackerTests" */ = {
			isa = XCConfigurationList;
			buildConfigurations = (
				350353C62C32B0A200C8293D /* Debug */,
				350353C72C32B0A200C8293D /* Release */,
			);
			defaultConfigurationIsVisible = 0;
			defaultConfigurationName = Release;
		};
		350353C82C32B0A200C8293D /* Build configuration list for PBXNativeTarget "TrackerUITests" */ = {
			isa = XCConfigurationList;
			buildConfigurations = (
				350353C92C32B0A200C8293D /* Debug */,
				350353CA2C32B0A200C8293D /* Release */,
			);
			defaultConfigurationIsVisible = 0;
			defaultConfigurationName = Release;
		};
/* End XCConfigurationList section */

/* Begin XCRemoteSwiftPackageReference section */
		35C1E53F2C810CF200872795 /* XCRemoteSwiftPackageReference "swift-snapshot-testing" */ = {
			isa = XCRemoteSwiftPackageReference;
			repositoryURL = "https://github.com/pointfreeco/swift-snapshot-testing";
			requirement = {
				kind = upToNextMajorVersion;
				minimumVersion = 1.17.4;
			};
		};
/* End XCRemoteSwiftPackageReference section */

/* Begin XCSwiftPackageProductDependency section */
		35C1E5452C810D5700872795 /* InlineSnapshotTesting */ = {
			isa = XCSwiftPackageProductDependency;
			package = 35C1E53F2C810CF200872795 /* XCRemoteSwiftPackageReference "swift-snapshot-testing" */;
			productName = InlineSnapshotTesting;
		};
		35C1E5472C810D5B00872795 /* SnapshotTesting */ = {
			isa = XCSwiftPackageProductDependency;
			package = 35C1E53F2C810CF200872795 /* XCRemoteSwiftPackageReference "swift-snapshot-testing" */;
			productName = SnapshotTesting;
		};
/* End XCSwiftPackageProductDependency section */

/* Begin XCVersionGroup section */
		35C1E5212C6E956700872795 /* Tracker.xcdatamodeld */ = {
			isa = XCVersionGroup;
			children = (
				35C1E5222C6E956700872795 /* Tracker.xcdatamodel */,
			);
			currentVersion = 35C1E5222C6E956700872795 /* Tracker.xcdatamodel */;
			path = Tracker.xcdatamodeld;
			sourceTree = "<group>";
			versionGroupType = wrapper.xcdatamodel;
		};
/* End XCVersionGroup section */
	};
	rootObject = 350353902C32B0A100C8293D /* Project object */;
}
