// !$*UTF8*$!
{
	archiveVersion = 1;
	classes = {
	};
	objectVersion = 56;
	objects = {

/* Begin PBXBuildFile section */
		3503539C2C32B0A100C8293D /* AppDelegate.swift in Sources */ = {isa = PBXBuildFile; fileRef = 3503539B2C32B0A100C8293D /* AppDelegate.swift */; };
		3503539E2C32B0A100C8293D /* SceneDelegate.swift in Sources */ = {isa = PBXBuildFile; fileRef = 3503539D2C32B0A100C8293D /* SceneDelegate.swift */; };
		350353A02C32B0A100C8293D /* ViewController.swift in Sources */ = {isa = PBXBuildFile; fileRef = 3503539F2C32B0A100C8293D /* ViewController.swift */; };
		350353A52C32B0A200C8293D /* Assets.xcassets in Resources */ = {isa = PBXBuildFile; fileRef = 350353A42C32B0A200C8293D /* Assets.xcassets */; };
		350353A82C32B0A200C8293D /* Base in Resources */ = {isa = PBXBuildFile; fileRef = 350353A72C32B0A200C8293D /* Base */; };
		350353B32C32B0A200C8293D /* TrackerTests.swift in Sources */ = {isa = PBXBuildFile; fileRef = 350353B22C32B0A200C8293D /* TrackerTests.swift */; };
		350353BD2C32B0A200C8293D /* TrackerUITests.swift in Sources */ = {isa = PBXBuildFile; fileRef = 350353BC2C32B0A200C8293D /* TrackerUITests.swift */; };
		350353BF2C32B0A200C8293D /* TrackerUITestsLaunchTests.swift in Sources */ = {isa = PBXBuildFile; fileRef = 350353BE2C32B0A200C8293D /* TrackerUITestsLaunchTests.swift */; };
		350353CC2C35127F00C8293D /* TrackersViewController.swift in Sources */ = {isa = PBXBuildFile; fileRef = 350353CB2C35127F00C8293D /* TrackersViewController.swift */; };
		350353CE2C35129400C8293D /* TabBarViewController.swift in Sources */ = {isa = PBXBuildFile; fileRef = 350353CD2C35129400C8293D /* TabBarViewController.swift */; };
		350353D02C3512AF00C8293D /* StatisticsViewController.swift in Sources */ = {isa = PBXBuildFile; fileRef = 350353CF2C3512AF00C8293D /* StatisticsViewController.swift */; };
		350353D42C3518AD00C8293D /* UIColor+extencion.swift in Sources */ = {isa = PBXBuildFile; fileRef = 350353D32C3518AD00C8293D /* UIColor+extencion.swift */; };
/* End PBXBuildFile section */

/* Begin PBXContainerItemProxy section */
		350353AF2C32B0A200C8293D /* PBXContainerItemProxy */ = {
			isa = PBXContainerItemProxy;
			containerPortal = 350353902C32B0A100C8293D /* Project object */;
			proxyType = 1;
			remoteGlobalIDString = 350353972C32B0A100C8293D;
			remoteInfo = Tracker;
		};
		350353B92C32B0A200C8293D /* PBXContainerItemProxy */ = {
			isa = PBXContainerItemProxy;
			containerPortal = 350353902C32B0A100C8293D /* Project object */;
			proxyType = 1;
			remoteGlobalIDString = 350353972C32B0A100C8293D;
			remoteInfo = Tracker;
		};
/* End PBXContainerItemProxy section */

/* Begin PBXFileReference section */
		350353982C32B0A100C8293D /* Tracker.app */ = {isa = PBXFileReference; explicitFileType = wrapper.application; includeInIndex = 0; path = Tracker.app; sourceTree = BUILT_PRODUCTS_DIR; };
		3503539B2C32B0A100C8293D /* AppDelegate.swift */ = {isa = PBXFileReference; lastKnownFileType = sourcecode.swift; path = AppDelegate.swift; sourceTree = "<group>"; };
		3503539D2C32B0A100C8293D /* SceneDelegate.swift */ = {isa = PBXFileReference; lastKnownFileType = sourcecode.swift; path = SceneDelegate.swift; sourceTree = "<group>"; };
		3503539F2C32B0A100C8293D /* ViewController.swift */ = {isa = PBXFileReference; lastKnownFileType = sourcecode.swift; path = ViewController.swift; sourceTree = "<group>"; };
		350353A42C32B0A200C8293D /* Assets.xcassets */ = {isa = PBXFileReference; lastKnownFileType = folder.assetcatalog; path = Assets.xcassets; sourceTree = "<group>"; };
		350353A72C32B0A200C8293D /* Base */ = {isa = PBXFileReference; lastKnownFileType = file.storyboard; name = Base; path = Base.lproj/LaunchScreen.storyboard; sourceTree = "<group>"; };
		350353A92C32B0A200C8293D /* Info.plist */ = {isa = PBXFileReference; lastKnownFileType = text.plist.xml; path = Info.plist; sourceTree = "<group>"; };
		350353AE2C32B0A200C8293D /* TrackerTests.xctest */ = {isa = PBXFileReference; explicitFileType = wrapper.cfbundle; includeInIndex = 0; path = TrackerTests.xctest; sourceTree = BUILT_PRODUCTS_DIR; };
		350353B22C32B0A200C8293D /* TrackerTests.swift */ = {isa = PBXFileReference; lastKnownFileType = sourcecode.swift; path = TrackerTests.swift; sourceTree = "<group>"; };
		350353B82C32B0A200C8293D /* TrackerUITests.xctest */ = {isa = PBXFileReference; explicitFileType = wrapper.cfbundle; includeInIndex = 0; path = TrackerUITests.xctest; sourceTree = BUILT_PRODUCTS_DIR; };
		350353BC2C32B0A200C8293D /* TrackerUITests.swift */ = {isa = PBXFileReference; lastKnownFileType = sourcecode.swift; path = TrackerUITests.swift; sourceTree = "<group>"; };
		350353BE2C32B0A200C8293D /* TrackerUITestsLaunchTests.swift */ = {isa = PBXFileReference; lastKnownFileType = sourcecode.swift; path = TrackerUITestsLaunchTests.swift; sourceTree = "<group>"; };
		350353CB2C35127F00C8293D /* TrackersViewController.swift */ = {isa = PBXFileReference; lastKnownFileType = sourcecode.swift; path = TrackersViewController.swift; sourceTree = "<group>"; };
		350353CD2C35129400C8293D /* TabBarViewController.swift */ = {isa = PBXFileReference; lastKnownFileType = sourcecode.swift; path = TabBarViewController.swift; sourceTree = "<group>"; };
		350353CF2C3512AF00C8293D /* StatisticsViewController.swift */ = {isa = PBXFileReference; lastKnownFileType = sourcecode.swift; path = StatisticsViewController.swift; sourceTree = "<group>"; };
		350353D32C3518AD00C8293D /* UIColor+extencion.swift */ = {isa = PBXFileReference; lastKnownFileType = sourcecode.swift; path = "UIColor+extencion.swift"; sourceTree = "<group>"; };
/* End PBXFileReference section */

/* Begin PBXFrameworksBuildPhase section */
		350353952C32B0A100C8293D /* Frameworks */ = {
			isa = PBXFrameworksBuildPhase;
			buildActionMask = 2147483647;
			files = (
			);
			runOnlyForDeploymentPostprocessing = 0;
		};
		350353AB2C32B0A200C8293D /* Frameworks */ = {
			isa = PBXFrameworksBuildPhase;
			buildActionMask = 2147483647;
			files = (
			);
			runOnlyForDeploymentPostprocessing = 0;
		};
		350353B52C32B0A200C8293D /* Frameworks */ = {
			isa = PBXFrameworksBuildPhase;
			buildActionMask = 2147483647;
			files = (
			);
			runOnlyForDeploymentPostprocessing = 0;
		};
/* End PBXFrameworksBuildPhase section */

/* Begin PBXGroup section */
		3503538F2C32B0A100C8293D = {
			isa = PBXGroup;
			children = (
				3503539A2C32B0A100C8293D /* Tracker */,
				350353B12C32B0A200C8293D /* TrackerTests */,
				350353BB2C32B0A200C8293D /* TrackerUITests */,
				350353992C32B0A100C8293D /* Products */,
			);
			sourceTree = "<group>";
		};
		350353992C32B0A100C8293D /* Products */ = {
			isa = PBXGroup;
			children = (
				350353982C32B0A100C8293D /* Tracker.app */,
				350353AE2C32B0A200C8293D /* TrackerTests.xctest */,
				350353B82C32B0A200C8293D /* TrackerUITests.xctest */,
			);
			name = Products;
			sourceTree = "<group>";
		};
		3503539A2C32B0A100C8293D /* Tracker */ = {
			isa = PBXGroup;
			children = (
				350353CB2C35127F00C8293D /* TrackersViewController.swift */,
				350353CF2C3512AF00C8293D /* StatisticsViewController.swift */,
				350353CD2C35129400C8293D /* TabBarViewController.swift */,
				350353D22C35187B00C8293D /* Colors */,
				350353D12C35164500C8293D /* Fonts */,
				3503539B2C32B0A100C8293D /* AppDelegate.swift */,
				3503539D2C32B0A100C8293D /* SceneDelegate.swift */,
				3503539F2C32B0A100C8293D /* ViewController.swift */,
				350353A42C32B0A200C8293D /* Assets.xcassets */,
				350353A62C32B0A200C8293D /* LaunchScreen.storyboard */,
				350353A92C32B0A200C8293D /* Info.plist */,
			);
			path = Tracker;
			sourceTree = "<group>";
		};
		350353B12C32B0A200C8293D /* TrackerTests */ = {
			isa = PBXGroup;
			children = (
				350353B22C32B0A200C8293D /* TrackerTests.swift */,
			);
			path = TrackerTests;
			sourceTree = "<group>";
		};
		350353BB2C32B0A200C8293D /* TrackerUITests */ = {
			isa = PBXGroup;
			children = (
				350353BC2C32B0A200C8293D /* TrackerUITests.swift */,
				350353BE2C32B0A200C8293D /* TrackerUITestsLaunchTests.swift */,
			);
			path = TrackerUITests;
			sourceTree = "<group>";
		};
		350353D12C35164500C8293D /* Fonts */ = {
			isa = PBXGroup;
			children = (
			);
			path = Fonts;
			sourceTree = "<group>";
		};
		350353D22C35187B00C8293D /* Colors */ = {
			isa = PBXGroup;
			children = (
				350353D32C3518AD00C8293D /* UIColor+extencion.swift */,
			);
			path = Colors;
			sourceTree = "<group>";
		};
/* End PBXGroup section */

/* Begin PBXNativeTarget section */
		350353972C32B0A100C8293D /* Tracker */ = {
			isa = PBXNativeTarget;
			buildConfigurationList = 350353C22C32B0A200C8293D /* Build configuration list for PBXNativeTarget "Tracker" */;
			buildPhases = (
				350353942C32B0A100C8293D /* Sources */,
				350353952C32B0A100C8293D /* Frameworks */,
				350353962C32B0A100C8293D /* Resources */,
			);
			buildRules = (
			);
			dependencies = (
			);
			name = Tracker;
			productName = Tracker;
			productReference = 350353982C32B0A100C8293D /* Tracker.app */;
			productType = "com.apple.product-type.application";
		};
		350353AD2C32B0A200C8293D /* TrackerTests */ = {
			isa = PBXNativeTarget;
			buildConfigurationList = 350353C52C32B0A200C8293D /* Build configuration list for PBXNativeTarget "TrackerTests" */;
			buildPhases = (
				350353AA2C32B0A200C8293D /* Sources */,
				350353AB2C32B0A200C8293D /* Frameworks */,
				350353AC2C32B0A200C8293D /* Resources */,
			);
			buildRules = (
			);
			dependencies = (
				350353B02C32B0A200C8293D /* PBXTargetDependency */,
			);
			name = TrackerTests;
			productName = TrackerTests;
			productReference = 350353AE2C32B0A200C8293D /* TrackerTests.xctest */;
			productType = "com.apple.product-type.bundle.unit-test";
		};
		350353B72C32B0A200C8293D /* TrackerUITests */ = {
			isa = PBXNativeTarget;
			buildConfigurationList = 350353C82C32B0A200C8293D /* Build configuration list for PBXNativeTarget "TrackerUITests" */;
			buildPhases = (
				350353B42C32B0A200C8293D /* Sources */,
				350353B52C32B0A200C8293D /* Frameworks */,
				350353B62C32B0A200C8293D /* Resources */,
			);
			buildRules = (
			);
			dependencies = (
				350353BA2C32B0A200C8293D /* PBXTargetDependency */,
			);
			name = TrackerUITests;
			productName = TrackerUITests;
			productReference = 350353B82C32B0A200C8293D /* TrackerUITests.xctest */;
			productType = "com.apple.product-type.bundle.ui-testing";
		};
/* End PBXNativeTarget section */

/* Begin PBXProject section */
		350353902C32B0A100C8293D /* Project object */ = {
			isa = PBXProject;
			attributes = {
				BuildIndependentTargetsInParallel = 1;
				LastSwiftUpdateCheck = 1540;
				LastUpgradeCheck = 1540;
				TargetAttributes = {
					350353972C32B0A100C8293D = {
						CreatedOnToolsVersion = 15.4;
					};
					350353AD2C32B0A200C8293D = {
						CreatedOnToolsVersion = 15.4;
						TestTargetID = 350353972C32B0A100C8293D;
					};
					350353B72C32B0A200C8293D = {
						CreatedOnToolsVersion = 15.4;
						TestTargetID = 350353972C32B0A100C8293D;
					};
				};
			};
			buildConfigurationList = 350353932C32B0A100C8293D /* Build configuration list for PBXProject "Tracker" */;
			compatibilityVersion = "Xcode 14.0";
			developmentRegion = en;
			hasScannedForEncodings = 0;
			knownRegions = (
				en,
				Base,
			);
			mainGroup = 3503538F2C32B0A100C8293D;
			productRefGroup = 350353992C32B0A100C8293D /* Products */;
			projectDirPath = "";
			projectRoot = "";
			targets = (
				350353972C32B0A100C8293D /* Tracker */,
				350353AD2C32B0A200C8293D /* TrackerTests */,
				350353B72C32B0A200C8293D /* TrackerUITests */,
			);
		};
/* End PBXProject section */

/* Begin PBXResourcesBuildPhase section */
		350353962C32B0A100C8293D /* Resources */ = {
			isa = PBXResourcesBuildPhase;
			buildActionMask = 2147483647;
			files = (
				350353A52C32B0A200C8293D /* Assets.xcassets in Resources */,
				350353A82C32B0A200C8293D /* Base in Resources */,
			);
			runOnlyForDeploymentPostprocessing = 0;
		};
		350353AC2C32B0A200C8293D /* Resources */ = {
			isa = PBXResourcesBuildPhase;
			buildActionMask = 2147483647;
			files = (
			);
			runOnlyForDeploymentPostprocessing = 0;
		};
		350353B62C32B0A200C8293D /* Resources */ = {
			isa = PBXResourcesBuildPhase;
			buildActionMask = 2147483647;
			files = (
			);
			runOnlyForDeploymentPostprocessing = 0;
		};
/* End PBXResourcesBuildPhase section */

/* Begin PBXSourcesBuildPhase section */
		350353942C32B0A100C8293D /* Sources */ = {
			isa = PBXSourcesBuildPhase;
			buildActionMask = 2147483647;
			files = (
				350353A02C32B0A100C8293D /* ViewController.swift in Sources */,
				350353D42C3518AD00C8293D /* UIColor+extencion.swift in Sources */,
				350353CC2C35127F00C8293D /* TrackersViewController.swift in Sources */,
				3503539C2C32B0A100C8293D /* AppDelegate.swift in Sources */,
				350353D02C3512AF00C8293D /* StatisticsViewController.swift in Sources */,
				350353CE2C35129400C8293D /* TabBarViewController.swift in Sources */,
				3503539E2C32B0A100C8293D /* SceneDelegate.swift in Sources */,
			);
			runOnlyForDeploymentPostprocessing = 0;
		};
		350353AA2C32B0A200C8293D /* Sources */ = {
			isa = PBXSourcesBuildPhase;
			buildActionMask = 2147483647;
			files = (
				350353B32C32B0A200C8293D /* TrackerTests.swift in Sources */,
			);
			runOnlyForDeploymentPostprocessing = 0;
		};
		350353B42C32B0A200C8293D /* Sources */ = {
			isa = PBXSourcesBuildPhase;
			buildActionMask = 2147483647;
			files = (
				350353BD2C32B0A200C8293D /* TrackerUITests.swift in Sources */,
				350353BF2C32B0A200C8293D /* TrackerUITestsLaunchTests.swift in Sources */,
			);
			runOnlyForDeploymentPostprocessing = 0;
		};
/* End PBXSourcesBuildPhase section */

/* Begin PBXTargetDependency section */
		350353B02C32B0A200C8293D /* PBXTargetDependency */ = {
			isa = PBXTargetDependency;
			target = 350353972C32B0A100C8293D /* Tracker */;
			targetProxy = 350353AF2C32B0A200C8293D /* PBXContainerItemProxy */;
		};
		350353BA2C32B0A200C8293D /* PBXTargetDependency */ = {
			isa = PBXTargetDependency;
			target = 350353972C32B0A100C8293D /* Tracker */;
			targetProxy = 350353B92C32B0A200C8293D /* PBXContainerItemProxy */;
		};
/* End PBXTargetDependency section */

/* Begin PBXVariantGroup section */
		350353A62C32B0A200C8293D /* LaunchScreen.storyboard */ = {
			isa = PBXVariantGroup;
			children = (
				350353A72C32B0A200C8293D /* Base */,
			);
			name = LaunchScreen.storyboard;
			sourceTree = "<group>";
		};
/* End PBXVariantGroup section */

/* Begin XCBuildConfiguration section */
		350353C02C32B0A200C8293D /* Debug */ = {
			isa = XCBuildConfiguration;
			buildSettings = {
				ALWAYS_SEARCH_USER_PATHS = NO;
				ASSETCATALOG_COMPILER_GENERATE_SWIFT_ASSET_SYMBOL_EXTENSIONS = YES;
				CLANG_ANALYZER_NONNULL = YES;
				CLANG_ANALYZER_NUMBER_OBJECT_CONVERSION = YES_AGGRESSIVE;
				CLANG_CXX_LANGUAGE_STANDARD = "gnu++20";
				CLANG_ENABLE_MODULES = YES;
				CLANG_ENABLE_OBJC_ARC = YES;
				CLANG_ENABLE_OBJC_WEAK = YES;
				CLANG_WARN_BLOCK_CAPTURE_AUTORELEASING = YES;
				CLANG_WARN_BOOL_CONVERSION = YES;
				CLANG_WARN_COMMA = YES;
				CLANG_WARN_CONSTANT_CONVERSION = YES;
				CLANG_WARN_DEPRECATED_OBJC_IMPLEMENTATIONS = YES;
				CLANG_WARN_DIRECT_OBJC_ISA_USAGE = YES_ERROR;
				CLANG_WARN_DOCUMENTATION_COMMENTS = YES;
				CLANG_WARN_EMPTY_BODY = YES;
				CLANG_WARN_ENUM_CONVERSION = YES;
				CLANG_WARN_INFINITE_RECURSION = YES;
				CLANG_WARN_INT_CONVERSION = YES;
				CLANG_WARN_NON_LITERAL_NULL_CONVERSION = YES;
				CLANG_WARN_OBJC_IMPLICIT_RETAIN_SELF = YES;
				CLANG_WARN_OBJC_LITERAL_CONVERSION = YES;
				CLANG_WARN_OBJC_ROOT_CLASS = YES_ERROR;
				CLANG_WARN_QUOTED_INCLUDE_IN_FRAMEWORK_HEADER = YES;
				CLANG_WARN_RANGE_LOOP_ANALYSIS = YES;
				CLANG_WARN_STRICT_PROTOTYPES = YES;
				CLANG_WARN_SUSPICIOUS_MOVE = YES;
				CLANG_WARN_UNGUARDED_AVAILABILITY = YES_AGGRESSIVE;
				CLANG_WARN_UNREACHABLE_CODE = YES;
				CLANG_WARN__DUPLICATE_METHOD_MATCH = YES;
				COPY_PHASE_STRIP = NO;
				DEBUG_INFORMATION_FORMAT = dwarf;
				ENABLE_STRICT_OBJC_MSGSEND = YES;
				ENABLE_TESTABILITY = YES;
				ENABLE_USER_SCRIPT_SANDBOXING = YES;
				GCC_C_LANGUAGE_STANDARD = gnu17;
				GCC_DYNAMIC_NO_PIC = NO;
				GCC_NO_COMMON_BLOCKS = YES;
				GCC_OPTIMIZATION_LEVEL = 0;
				GCC_PREPROCESSOR_DEFINITIONS = (
					"DEBUG=1",
					"$(inherited)",
				);
				GCC_WARN_64_TO_32_BIT_CONVERSION = YES;
				GCC_WARN_ABOUT_RETURN_TYPE = YES_ERROR;
				GCC_WARN_UNDECLARED_SELECTOR = YES;
				GCC_WARN_UNINITIALIZED_AUTOS = YES_AGGRESSIVE;
				GCC_WARN_UNUSED_FUNCTION = YES;
				GCC_WARN_UNUSED_VARIABLE = YES;
				IPHONEOS_DEPLOYMENT_TARGET = 17.5;
				LOCALIZATION_PREFERS_STRING_CATALOGS = YES;
				MTL_ENABLE_DEBUG_INFO = INCLUDE_SOURCE;
				MTL_FAST_MATH = YES;
				ONLY_ACTIVE_ARCH = YES;
				SDKROOT = iphoneos;
				SWIFT_ACTIVE_COMPILATION_CONDITIONS = "DEBUG $(inherited)";
				SWIFT_OPTIMIZATION_LEVEL = "-Onone";
			};
			name = Debug;
		};
		350353C12C32B0A200C8293D /* Release */ = {
			isa = XCBuildConfiguration;
			buildSettings = {
				ALWAYS_SEARCH_USER_PATHS = NO;
				ASSETCATALOG_COMPILER_GENERATE_SWIFT_ASSET_SYMBOL_EXTENSIONS = YES;
				CLANG_ANALYZER_NONNULL = YES;
				CLANG_ANALYZER_NUMBER_OBJECT_CONVERSION = YES_AGGRESSIVE;
				CLANG_CXX_LANGUAGE_STANDARD = "gnu++20";
				CLANG_ENABLE_MODULES = YES;
				CLANG_ENABLE_OBJC_ARC = YES;
				CLANG_ENABLE_OBJC_WEAK = YES;
				CLANG_WARN_BLOCK_CAPTURE_AUTORELEASING = YES;
				CLANG_WARN_BOOL_CONVERSION = YES;
				CLANG_WARN_COMMA = YES;
				CLANG_WARN_CONSTANT_CONVERSION = YES;
				CLANG_WARN_DEPRECATED_OBJC_IMPLEMENTATIONS = YES;
				CLANG_WARN_DIRECT_OBJC_ISA_USAGE = YES_ERROR;
				CLANG_WARN_DOCUMENTATION_COMMENTS = YES;
				CLANG_WARN_EMPTY_BODY = YES;
				CLANG_WARN_ENUM_CONVERSION = YES;
				CLANG_WARN_INFINITE_RECURSION = YES;
				CLANG_WARN_INT_CONVERSION = YES;
				CLANG_WARN_NON_LITERAL_NULL_CONVERSION = YES;
				CLANG_WARN_OBJC_IMPLICIT_RETAIN_SELF = YES;
				CLANG_WARN_OBJC_LITERAL_CONVERSION = YES;
				CLANG_WARN_OBJC_ROOT_CLASS = YES_ERROR;
				CLANG_WARN_QUOTED_INCLUDE_IN_FRAMEWORK_HEADER = YES;
				CLANG_WARN_RANGE_LOOP_ANALYSIS = YES;
				CLANG_WARN_STRICT_PROTOTYPES = YES;
				CLANG_WARN_SUSPICIOUS_MOVE = YES;
				CLANG_WARN_UNGUARDED_AVAILABILITY = YES_AGGRESSIVE;
				CLANG_WARN_UNREACHABLE_CODE = YES;
				CLANG_WARN__DUPLICATE_METHOD_MATCH = YES;
				COPY_PHASE_STRIP = NO;
				DEBUG_INFORMATION_FORMAT = "dwarf-with-dsym";
				ENABLE_NS_ASSERTIONS = NO;
				ENABLE_STRICT_OBJC_MSGSEND = YES;
				ENABLE_USER_SCRIPT_SANDBOXING = YES;
				GCC_C_LANGUAGE_STANDARD = gnu17;
				GCC_NO_COMMON_BLOCKS = YES;
				GCC_WARN_64_TO_32_BIT_CONVERSION = YES;
				GCC_WARN_ABOUT_RETURN_TYPE = YES_ERROR;
				GCC_WARN_UNDECLARED_SELECTOR = YES;
				GCC_WARN_UNINITIALIZED_AUTOS = YES_AGGRESSIVE;
				GCC_WARN_UNUSED_FUNCTION = YES;
				GCC_WARN_UNUSED_VARIABLE = YES;
				IPHONEOS_DEPLOYMENT_TARGET = 17.5;
				LOCALIZATION_PREFERS_STRING_CATALOGS = YES;
				MTL_ENABLE_DEBUG_INFO = NO;
				MTL_FAST_MATH = YES;
				SDKROOT = iphoneos;
				SWIFT_COMPILATION_MODE = wholemodule;
				VALIDATE_PRODUCT = YES;
			};
			name = Release;
		};
		350353C32C32B0A200C8293D /* Debug */ = {
			isa = XCBuildConfiguration;
			buildSettings = {
				ASSETCATALOG_COMPILER_APPICON_NAME = AppIcon;
				ASSETCATALOG_COMPILER_GLOBAL_ACCENT_COLOR_NAME = AccentColor;
				CODE_SIGN_STYLE = Automatic;
				CURRENT_PROJECT_VERSION = 1;
				DEVELOPMENT_TEAM = A57Z7C5KNX;
				GENERATE_INFOPLIST_FILE = YES;
				INFOPLIST_FILE = Tracker/Info.plist;
				INFOPLIST_KEY_UIApplicationSupportsIndirectInputEvents = YES;
				INFOPLIST_KEY_UILaunchStoryboardName = LaunchScreen;
				INFOPLIST_KEY_UISupportedInterfaceOrientations = UIInterfaceOrientationPortrait;
				INFOPLIST_KEY_UISupportedInterfaceOrientations_iPad = "UIInterfaceOrientationLandscapeLeft UIInterfaceOrientationLandscapeRight UIInterfaceOrientationPortrait UIInterfaceOrientationPortraitUpsideDown";
				IPHONEOS_DEPLOYMENT_TARGET = 13.5;
				LD_RUNPATH_SEARCH_PATHS = (
					"$(inherited)",
					"@executable_path/Frameworks",
				);
				MARKETING_VERSION = 1.0;
				PRODUCT_BUNDLE_IDENTIFIER = ru.yandex.practicum.Tracker;
				PRODUCT_NAME = "$(TARGET_NAME)";
				SUPPORTED_PLATFORMS = "iphoneos iphonesimulator";
				SUPPORTS_MACCATALYST = NO;
				SUPPORTS_MAC_DESIGNED_FOR_IPHONE_IPAD = NO;
				SUPPORTS_XR_DESIGNED_FOR_IPHONE_IPAD = NO;
				SWIFT_EMIT_LOC_STRINGS = YES;
				SWIFT_VERSION = 5.0;
				TARGETED_DEVICE_FAMILY = 1;
			};
			name = Debug;
		};
		350353C42C32B0A200C8293D /* Release */ = {
			isa = XCBuildConfiguration;
			buildSettings = {
				ASSETCATALOG_COMPILER_APPICON_NAME = AppIcon;
				ASSETCATALOG_COMPILER_GLOBAL_ACCENT_COLOR_NAME = AccentColor;
				CODE_SIGN_STYLE = Automatic;
				CURRENT_PROJECT_VERSION = 1;
				DEVELOPMENT_TEAM = A57Z7C5KNX;
				GENERATE_INFOPLIST_FILE = YES;
				INFOPLIST_FILE = Tracker/Info.plist;
				INFOPLIST_KEY_UIApplicationSupportsIndirectInputEvents = YES;
				INFOPLIST_KEY_UILaunchStoryboardName = LaunchScreen;
				INFOPLIST_KEY_UISupportedInterfaceOrientations = UIInterfaceOrientationPortrait;
				INFOPLIST_KEY_UISupportedInterfaceOrientations_iPad = "UIInterfaceOrientationLandscapeLeft UIInterfaceOrientationLandscapeRight UIInterfaceOrientationPortrait UIInterfaceOrientationPortraitUpsideDown";
				IPHONEOS_DEPLOYMENT_TARGET = 13.5;
				LD_RUNPATH_SEARCH_PATHS = (
					"$(inherited)",
					"@executable_path/Frameworks",
				);
				MARKETING_VERSION = 1.0;
				PRODUCT_BUNDLE_IDENTIFIER = ru.yandex.practicum.Tracker;
				PRODUCT_NAME = "$(TARGET_NAME)";
				SUPPORTED_PLATFORMS = "iphoneos iphonesimulator";
				SUPPORTS_MACCATALYST = NO;
				SUPPORTS_MAC_DESIGNED_FOR_IPHONE_IPAD = NO;
				SUPPORTS_XR_DESIGNED_FOR_IPHONE_IPAD = NO;
				SWIFT_EMIT_LOC_STRINGS = YES;
				SWIFT_VERSION = 5.0;
				TARGETED_DEVICE_FAMILY = 1;
			};
			name = Release;
		};
		350353C62C32B0A200C8293D /* Debug */ = {
			isa = XCBuildConfiguration;
			buildSettings = {
				ALWAYS_EMBED_SWIFT_STANDARD_LIBRARIES = YES;
				BUNDLE_LOADER = "$(TEST_HOST)";
				CODE_SIGN_STYLE = Automatic;
				CURRENT_PROJECT_VERSION = 1;
				DEVELOPMENT_TEAM = A57Z7C5KNX;
				GENERATE_INFOPLIST_FILE = YES;
				IPHONEOS_DEPLOYMENT_TARGET = 17.5;
				MARKETING_VERSION = 1.0;
				PRODUCT_BUNDLE_IDENTIFIER = ru.yandex.practicum.TrackerTests;
				PRODUCT_NAME = "$(TARGET_NAME)";
				SWIFT_EMIT_LOC_STRINGS = NO;
				SWIFT_VERSION = 5.0;
				TARGETED_DEVICE_FAMILY = "1,2";
				TEST_HOST = "$(BUILT_PRODUCTS_DIR)/Tracker.app/$(BUNDLE_EXECUTABLE_FOLDER_PATH)/Tracker";
			};
			name = Debug;
		};
		350353C72C32B0A200C8293D /* Release */ = {
			isa = XCBuildConfiguration;
			buildSettings = {
				ALWAYS_EMBED_SWIFT_STANDARD_LIBRARIES = YES;
				BUNDLE_LOADER = "$(TEST_HOST)";
				CODE_SIGN_STYLE = Automatic;
				CURRENT_PROJECT_VERSION = 1;
				DEVELOPMENT_TEAM = A57Z7C5KNX;
				GENERATE_INFOPLIST_FILE = YES;
				IPHONEOS_DEPLOYMENT_TARGET = 17.5;
				MARKETING_VERSION = 1.0;
				PRODUCT_BUNDLE_IDENTIFIER = ru.yandex.practicum.TrackerTests;
				PRODUCT_NAME = "$(TARGET_NAME)";
				SWIFT_EMIT_LOC_STRINGS = NO;
				SWIFT_VERSION = 5.0;
				TARGETED_DEVICE_FAMILY = "1,2";
				TEST_HOST = "$(BUILT_PRODUCTS_DIR)/Tracker.app/$(BUNDLE_EXECUTABLE_FOLDER_PATH)/Tracker";
			};
			name = Release;
		};
		350353C92C32B0A200C8293D /* Debug */ = {
			isa = XCBuildConfiguration;
			buildSettings = {
				ALWAYS_EMBED_SWIFT_STANDARD_LIBRARIES = YES;
				CODE_SIGN_STYLE = Automatic;
				CURRENT_PROJECT_VERSION = 1;
				DEVELOPMENT_TEAM = A57Z7C5KNX;
				GENERATE_INFOPLIST_FILE = YES;
				MARKETING_VERSION = 1.0;
				PRODUCT_BUNDLE_IDENTIFIER = ru.yandex.practicum.TrackerUITests;
				PRODUCT_NAME = "$(TARGET_NAME)";
				SWIFT_EMIT_LOC_STRINGS = NO;
				SWIFT_VERSION = 5.0;
				TARGETED_DEVICE_FAMILY = "1,2";
				TEST_TARGET_NAME = Tracker;
			};
			name = Debug;
		};
		350353CA2C32B0A200C8293D /* Release */ = {
			isa = XCBuildConfiguration;
			buildSettings = {
				ALWAYS_EMBED_SWIFT_STANDARD_LIBRARIES = YES;
				CODE_SIGN_STYLE = Automatic;
				CURRENT_PROJECT_VERSION = 1;
				DEVELOPMENT_TEAM = A57Z7C5KNX;
				GENERATE_INFOPLIST_FILE = YES;
				MARKETING_VERSION = 1.0;
				PRODUCT_BUNDLE_IDENTIFIER = ru.yandex.practicum.TrackerUITests;
				PRODUCT_NAME = "$(TARGET_NAME)";
				SWIFT_EMIT_LOC_STRINGS = NO;
				SWIFT_VERSION = 5.0;
				TARGETED_DEVICE_FAMILY = "1,2";
				TEST_TARGET_NAME = Tracker;
			};
			name = Release;
		};
/* End XCBuildConfiguration section */

/* Begin XCConfigurationList section */
		350353932C32B0A100C8293D /* Build configuration list for PBXProject "Tracker" */ = {
			isa = XCConfigurationList;
			buildConfigurations = (
				350353C02C32B0A200C8293D /* Debug */,
				350353C12C32B0A200C8293D /* Release */,
			);
			defaultConfigurationIsVisible = 0;
			defaultConfigurationName = Release;
		};
		350353C22C32B0A200C8293D /* Build configuration list for PBXNativeTarget "Tracker" */ = {
			isa = XCConfigurationList;
			buildConfigurations = (
				350353C32C32B0A200C8293D /* Debug */,
				350353C42C32B0A200C8293D /* Release */,
			);
			defaultConfigurationIsVisible = 0;
			defaultConfigurationName = Release;
		};
		350353C52C32B0A200C8293D /* Build configuration list for PBXNativeTarget "TrackerTests" */ = {
			isa = XCConfigurationList;
			buildConfigurations = (
				350353C62C32B0A200C8293D /* Debug */,
				350353C72C32B0A200C8293D /* Release */,
			);
			defaultConfigurationIsVisible = 0;
			defaultConfigurationName = Release;
		};
		350353C82C32B0A200C8293D /* Build configuration list for PBXNativeTarget "TrackerUITests" */ = {
			isa = XCConfigurationList;
			buildConfigurations = (
				350353C92C32B0A200C8293D /* Debug */,
				350353CA2C32B0A200C8293D /* Release */,
			);
			defaultConfigurationIsVisible = 0;
			defaultConfigurationName = Release;
		};
/* End XCConfigurationList section */
	};
	rootObject = 350353902C32B0A100C8293D /* Project object */;
}
